{
    "version": 3,
    "terraform_version": "0.11.8",
    "serial": 24,
    "lineage": "96261ac4-e8fc-4931-6225-7a07d551aa18",
    "modules": [
        {
            "path": [
                "root"
            ],
            "outputs": {},
            "resources": {},
            "depends_on": []
        },
        {
            "path": [
                "root",
                "GATEWAYvm"
            ],
            "outputs": {},
            "resources": {
                "data.vsphere_compute_cluster.cluster": {
                    "type": "vsphere_compute_cluster",
                    "depends_on": [
                        "data.vsphere_datacenter.dc"
                    ],
                    "primary": {
                        "id": "domain-c7",
                        "attributes": {
                            "datacenter_id": "datacenter-2",
                            "id": "domain-c7",
                            "name": "Nehalem",
                            "resource_pool_id": "resgroup-8"
                        },
                        "meta": {},
                        "tainted": false
                    },
                    "deposed": [],
                    "provider": "provider.vsphere"
                },
                "data.vsphere_datacenter.dc": {
                    "type": "vsphere_datacenter",
                    "depends_on": [],
                    "primary": {
                        "id": "datacenter-2",
                        "attributes": {
                            "id": "datacenter-2",
                            "name": "PacLabs"
                        },
                        "meta": {},
                        "tainted": false
                    },
                    "deposed": [],
                    "provider": "provider.vsphere"
                },
                "data.vsphere_datastore.datastore": {
                    "type": "vsphere_datastore",
                    "depends_on": [
                        "data.vsphere_datacenter.dc"
                    ],
                    "primary": {
                        "id": "datastore-91",
                        "attributes": {
                            "datacenter_id": "datacenter-2",
                            "id": "datastore-91",
                            "name": "PacLabs001_Boot"
                        },
                        "meta": {},
                        "tainted": false
                    },
                    "deposed": [],
                    "provider": "provider.vsphere"
                },
                "data.vsphere_network.sio_pg1": {
                    "type": "vsphere_network",
                    "depends_on": [
                        "data.vsphere_datacenter.dc"
                    ],
                    "primary": {
                        "id": "dvportgroup-39",
                        "attributes": {
                            "datacenter_id": "datacenter-2",
                            "id": "dvportgroup-39",
                            "name": "sio_pg1",
                            "type": "DistributedVirtualPortgroup"
                        },
                        "meta": {},
                        "tainted": false
                    },
                    "deposed": [],
                    "provider": "provider.vsphere"
                },
                "data.vsphere_network.sio_pg2": {
                    "type": "vsphere_network",
                    "depends_on": [
                        "data.vsphere_datacenter.dc"
                    ],
                    "primary": {
                        "id": "dvportgroup-40",
                        "attributes": {
                            "datacenter_id": "datacenter-2",
                            "id": "dvportgroup-40",
                            "name": "sio_pg2",
                            "type": "DistributedVirtualPortgroup"
                        },
                        "meta": {},
                        "tainted": false
                    },
                    "deposed": [],
                    "provider": "provider.vsphere"
                },
                "data.vsphere_network.vlan344": {
                    "type": "vsphere_network",
                    "depends_on": [
                        "data.vsphere_datacenter.dc"
                    ],
                    "primary": {
                        "id": "dvportgroup-44",
                        "attributes": {
                            "datacenter_id": "datacenter-2",
                            "id": "dvportgroup-44",
                            "name": "pg_344",
                            "type": "DistributedVirtualPortgroup"
                        },
                        "meta": {},
                        "tainted": false
                    },
                    "deposed": [],
                    "provider": "provider.vsphere"
                },
                "data.vsphere_resource_pool.pool": {
                    "type": "vsphere_resource_pool",
                    "depends_on": [
                        "data.vsphere_datacenter.dc"
                    ],
                    "primary": {
                        "id": "resgroup-8",
                        "attributes": {
                            "datacenter_id": "datacenter-2",
                            "id": "resgroup-8",
                            "name": "Nehalem/Resources"
                        },
                        "meta": {},
                        "tainted": false
                    },
                    "deposed": [],
                    "provider": "provider.vsphere"
                },
                "data.vsphere_virtual_machine.template": {
                    "type": "vsphere_virtual_machine",
                    "depends_on": [
                        "data.vsphere_datacenter.dc"
                    ],
                    "primary": {
                        "id": "42198763-fde9-18b5-85ee-65bc5e4f0ae0",
                        "attributes": {
                            "alternate_guest_name": "",
                            "datacenter_id": "datacenter-2",
                            "disks.#": "1",
                            "disks.0.eagerly_scrub": "false",
                            "disks.0.size": "16",
                            "disks.0.thin_provisioned": "false",
                            "firmware": "bios",
                            "guest_id": "centos64Guest",
                            "id": "42198763-fde9-18b5-85ee-65bc5e4f0ae0",
                            "name": "CentOSTemplate",
                            "network_interface_types.#": "3",
                            "network_interface_types.0": "vmxnet3",
                            "network_interface_types.1": "vmxnet3",
                            "network_interface_types.2": "vmxnet3",
                            "scsi_bus_sharing": "noSharing",
                            "scsi_controller_scan_count": "1",
                            "scsi_type": "pvscsi"
                        },
                        "meta": {},
                        "tainted": false
                    },
                    "deposed": [],
                    "provider": "provider.vsphere"
                },
                "vsphere_virtual_machine.GATEWAYvm": {
                    "type": "vsphere_virtual_machine",
                    "depends_on": [
                        "data.vsphere_compute_cluster.cluster",
                        "data.vsphere_datastore.datastore",
                        "data.vsphere_network.sio_pg1",
                        "data.vsphere_network.sio_pg2",
                        "data.vsphere_network.vlan344",
                        "data.vsphere_virtual_machine.template"
                    ],
                    "primary": {
                        "id": "4219f1fe-959b-d3dd-e444-f5dd1dc4713c",
                        "attributes": {
                            "alternate_guest_name": "",
                            "annotation": "",
                            "boot_delay": "0",
                            "boot_retry_delay": "10000",
                            "boot_retry_enabled": "false",
                            "cdrom.#": "0",
                            "change_version": "2019-01-23T14:41:28.294909Z",
                            "clone.#": "1",
                            "clone.0.customize.#": "1",
                            "clone.0.customize.0.dns_server_list.#": "2",
                            "clone.0.customize.0.dns_server_list.0": "10.237.198.254",
                            "clone.0.customize.0.dns_server_list.1": "10.201.16.29",
                            "clone.0.customize.0.dns_suffix_list.#": "0",
                            "clone.0.customize.0.ipv4_gateway": "10.237.198.1",
                            "clone.0.customize.0.ipv6_gateway": "",
                            "clone.0.customize.0.linux_options.#": "1",
                            "clone.0.customize.0.linux_options.0.domain": "pac.lab",
                            "clone.0.customize.0.linux_options.0.host_name": "terraform-SIOGW01",
                            "clone.0.customize.0.linux_options.0.hw_clock_utc": "true",
                            "clone.0.customize.0.linux_options.0.time_zone": "",
                            "clone.0.customize.0.network_interface.#": "3",
                            "clone.0.customize.0.network_interface.0.dns_domain": "",
                            "clone.0.customize.0.network_interface.0.dns_server_list.#": "0",
                            "clone.0.customize.0.network_interface.0.ipv4_address": "10.237.198.205",
                            "clone.0.customize.0.network_interface.0.ipv4_netmask": "24",
                            "clone.0.customize.0.network_interface.0.ipv6_address": "",
                            "clone.0.customize.0.network_interface.0.ipv6_netmask": "0",
                            "clone.0.customize.0.network_interface.1.dns_domain": "",
                            "clone.0.customize.0.network_interface.1.dns_server_list.#": "0",
                            "clone.0.customize.0.network_interface.1.ipv4_address": "192.168.10.205",
                            "clone.0.customize.0.network_interface.1.ipv4_netmask": "24",
                            "clone.0.customize.0.network_interface.1.ipv6_address": "",
                            "clone.0.customize.0.network_interface.1.ipv6_netmask": "0",
                            "clone.0.customize.0.network_interface.2.dns_domain": "",
                            "clone.0.customize.0.network_interface.2.dns_server_list.#": "0",
                            "clone.0.customize.0.network_interface.2.ipv4_address": "192.168.11.205",
                            "clone.0.customize.0.network_interface.2.ipv4_netmask": "24",
                            "clone.0.customize.0.network_interface.2.ipv6_address": "",
                            "clone.0.customize.0.network_interface.2.ipv6_netmask": "0",
                            "clone.0.customize.0.timeout": "10",
                            "clone.0.customize.0.windows_options.#": "0",
                            "clone.0.customize.0.windows_sysprep_text": "",
                            "clone.0.linked_clone": "false",
                            "clone.0.template_uuid": "42198763-fde9-18b5-85ee-65bc5e4f0ae0",
                            "clone.0.timeout": "30",
                            "cpu_hot_add_enabled": "false",
                            "cpu_hot_remove_enabled": "false",
                            "cpu_limit": "-1",
                            "cpu_performance_counters_enabled": "false",
                            "cpu_reservation": "0",
                            "cpu_share_count": "2000",
                            "cpu_share_level": "normal",
                            "custom_attributes.%": "0",
                            "datastore_id": "datastore-91",
                            "default_ip_address": "10.237.198.205",
                            "disk.#": "1",
                            "disk.0.attach": "false",
                            "disk.0.datastore_id": "datastore-91",
                            "disk.0.device_address": "scsi:0:0",
                            "disk.0.disk_mode": "persistent",
                            "disk.0.disk_sharing": "sharingNone",
                            "disk.0.eagerly_scrub": "false",
                            "disk.0.io_limit": "-1",
                            "disk.0.io_reservation": "0",
                            "disk.0.io_share_count": "1000",
                            "disk.0.io_share_level": "normal",
                            "disk.0.keep_on_remove": "false",
                            "disk.0.key": "2000",
                            "disk.0.label": "disk0",
                            "disk.0.name": "",
                            "disk.0.path": "terraform-SIOGW01/terraform-SIOGW01.vmdk",
                            "disk.0.size": "16",
                            "disk.0.thin_provisioned": "false",
                            "disk.0.unit_number": "0",
                            "disk.0.uuid": "6000C29a-1666-3d96-35a2-5c311e5db1e0",
                            "disk.0.write_through": "false",
                            "efi_secure_boot_enabled": "false",
                            "enable_disk_uuid": "false",
                            "enable_logging": "false",
                            "ept_rvi_mode": "automatic",
                            "extra_config.%": "0",
                            "firmware": "bios",
                            "folder": "",
                            "force_power_off": "true",
                            "guest_id": "centos64Guest",
                            "guest_ip_addresses.#": "6",
                            "guest_ip_addresses.0": "10.237.198.205",
                            "guest_ip_addresses.1": "192.168.10.205",
                            "guest_ip_addresses.2": "192.168.11.205",
                            "guest_ip_addresses.3": "fe80::250:56ff:fe99:ecff",
                            "guest_ip_addresses.4": "fe80::250:56ff:fe99:7e5f",
                            "guest_ip_addresses.5": "fe80::250:56ff:fe99:820f",
                            "host_system_id": "host-90",
                            "hv_mode": "hvAuto",
                            "id": "4219f1fe-959b-d3dd-e444-f5dd1dc4713c",
                            "latency_sensitivity": "normal",
                            "memory": "3072",
                            "memory_hot_add_enabled": "false",
                            "memory_limit": "-1",
                            "memory_reservation": "0",
                            "memory_share_count": "30720",
                            "memory_share_level": "normal",
                            "migrate_wait_timeout": "30",
                            "moid": "vm-372",
                            "name": "terraform-SIOGW01",
                            "nested_hv_enabled": "false",
                            "network_interface.#": "3",
                            "network_interface.0.adapter_type": "vmxnet3",
                            "network_interface.0.bandwidth_limit": "-1",
                            "network_interface.0.bandwidth_reservation": "0",
                            "network_interface.0.bandwidth_share_count": "50",
                            "network_interface.0.bandwidth_share_level": "normal",
                            "network_interface.0.device_address": "pci:0:7",
                            "network_interface.0.key": "4000",
                            "network_interface.0.mac_address": "00:50:56:99:ec:ff",
                            "network_interface.0.network_id": "dvportgroup-44",
                            "network_interface.0.use_static_mac": "false",
                            "network_interface.1.adapter_type": "vmxnet3",
                            "network_interface.1.bandwidth_limit": "-1",
                            "network_interface.1.bandwidth_reservation": "0",
                            "network_interface.1.bandwidth_share_count": "50",
                            "network_interface.1.bandwidth_share_level": "normal",
                            "network_interface.1.device_address": "pci:0:8",
                            "network_interface.1.key": "4001",
                            "network_interface.1.mac_address": "00:50:56:99:7e:5f",
                            "network_interface.1.network_id": "dvportgroup-39",
                            "network_interface.1.use_static_mac": "false",
                            "network_interface.2.adapter_type": "vmxnet3",
                            "network_interface.2.bandwidth_limit": "-1",
                            "network_interface.2.bandwidth_reservation": "0",
                            "network_interface.2.bandwidth_share_count": "50",
                            "network_interface.2.bandwidth_share_level": "normal",
                            "network_interface.2.device_address": "pci:0:9",
                            "network_interface.2.key": "4002",
                            "network_interface.2.mac_address": "00:50:56:99:82:0f",
                            "network_interface.2.network_id": "dvportgroup-40",
                            "network_interface.2.use_static_mac": "false",
                            "num_cores_per_socket": "1",
                            "num_cpus": "2",
                            "reboot_required": "false",
                            "resource_pool_id": "resgroup-8",
                            "run_tools_scripts_after_power_on": "true",
                            "run_tools_scripts_after_resume": "true",
                            "run_tools_scripts_before_guest_reboot": "false",
                            "run_tools_scripts_before_guest_shutdown": "true",
                            "run_tools_scripts_before_guest_standby": "true",
                            "scsi_bus_sharing": "noSharing",
                            "scsi_controller_count": "1",
                            "scsi_type": "pvscsi",
                            "shutdown_wait_timeout": "3",
                            "swap_placement_policy": "inherit",
                            "sync_time_with_host": "false",
                            "tags.#": "0",
                            "uuid": "4219f1fe-959b-d3dd-e444-f5dd1dc4713c",
                            "vapp_transport.#": "0",
                            "vmware_tools_status": "guestToolsRunning",
                            "vmx_path": "terraform-SIOGW01/terraform-SIOGW01.vmx",
                            "wait_for_guest_net_routable": "true",
                            "wait_for_guest_net_timeout": "5"
                        },
                        "meta": {
                            "schema_version": "3"
                        },
                        "tainted": false
                    },
                    "deposed": [],
                    "provider": "provider.vsphere"
                }
            },
            "depends_on": []
        },
        {
            "path": [
                "root",
                "SDSvm1"
            ],
            "outputs": {},
            "resources": {
                "data.vsphere_compute_cluster.cluster": {
                    "type": "vsphere_compute_cluster",
                    "depends_on": [
                        "data.vsphere_datacenter.dc"
                    ],
                    "primary": {
                        "id": "domain-c7",
                        "attributes": {
                            "datacenter_id": "datacenter-2",
                            "id": "domain-c7",
                            "name": "Nehalem",
                            "resource_pool_id": "resgroup-8"
                        },
                        "meta": {},
                        "tainted": false
                    },
                    "deposed": [],
                    "provider": "provider.vsphere"
                },
                "data.vsphere_datacenter.dc": {
                    "type": "vsphere_datacenter",
                    "depends_on": [],
                    "primary": {
                        "id": "datacenter-2",
                        "attributes": {
                            "id": "datacenter-2",
                            "name": "PacLabs"
                        },
                        "meta": {},
                        "tainted": false
                    },
                    "deposed": [],
                    "provider": "provider.vsphere"
                },
                "data.vsphere_datastore.datastore": {
                    "type": "vsphere_datastore",
                    "depends_on": [
                        "data.vsphere_datacenter.dc"
                    ],
                    "primary": {
                        "id": "datastore-91",
                        "attributes": {
                            "datacenter_id": "datacenter-2",
                            "id": "datastore-91",
                            "name": "PacLabs001_Boot"
                        },
                        "meta": {},
                        "tainted": false
                    },
                    "deposed": [],
                    "provider": "provider.vsphere"
                },
                "data.vsphere_network.sio_pg1": {
                    "type": "vsphere_network",
                    "depends_on": [
                        "data.vsphere_datacenter.dc"
                    ],
                    "primary": {
                        "id": "dvportgroup-39",
                        "attributes": {
                            "datacenter_id": "datacenter-2",
                            "id": "dvportgroup-39",
                            "name": "sio_pg1",
                            "type": "DistributedVirtualPortgroup"
                        },
                        "meta": {},
                        "tainted": false
                    },
                    "deposed": [],
                    "provider": "provider.vsphere"
                },
                "data.vsphere_network.sio_pg2": {
                    "type": "vsphere_network",
                    "depends_on": [
                        "data.vsphere_datacenter.dc"
                    ],
                    "primary": {
                        "id": "dvportgroup-40",
                        "attributes": {
                            "datacenter_id": "datacenter-2",
                            "id": "dvportgroup-40",
                            "name": "sio_pg2",
                            "type": "DistributedVirtualPortgroup"
                        },
                        "meta": {},
                        "tainted": false
                    },
                    "deposed": [],
                    "provider": "provider.vsphere"
                },
                "data.vsphere_network.vlan344": {
                    "type": "vsphere_network",
                    "depends_on": [
                        "data.vsphere_datacenter.dc"
                    ],
                    "primary": {
                        "id": "dvportgroup-44",
                        "attributes": {
                            "datacenter_id": "datacenter-2",
                            "id": "dvportgroup-44",
                            "name": "pg_344",
                            "type": "DistributedVirtualPortgroup"
                        },
                        "meta": {},
                        "tainted": false
                    },
                    "deposed": [],
                    "provider": "provider.vsphere"
                },
                "data.vsphere_resource_pool.pool": {
                    "type": "vsphere_resource_pool",
                    "depends_on": [
                        "data.vsphere_datacenter.dc"
                    ],
                    "primary": {
                        "id": "resgroup-8",
                        "attributes": {
                            "datacenter_id": "datacenter-2",
                            "id": "resgroup-8",
                            "name": "Nehalem/Resources"
                        },
                        "meta": {},
                        "tainted": false
                    },
                    "deposed": [],
                    "provider": "provider.vsphere"
                },
                "data.vsphere_virtual_machine.template": {
                    "type": "vsphere_virtual_machine",
                    "depends_on": [
                        "data.vsphere_datacenter.dc"
                    ],
                    "primary": {
                        "id": "42198763-fde9-18b5-85ee-65bc5e4f0ae0",
                        "attributes": {
                            "alternate_guest_name": "",
                            "datacenter_id": "datacenter-2",
                            "disks.#": "1",
                            "disks.0.eagerly_scrub": "false",
                            "disks.0.size": "16",
                            "disks.0.thin_provisioned": "false",
                            "firmware": "bios",
                            "guest_id": "centos64Guest",
                            "id": "42198763-fde9-18b5-85ee-65bc5e4f0ae0",
                            "name": "CentOSTemplate",
                            "network_interface_types.#": "3",
                            "network_interface_types.0": "vmxnet3",
                            "network_interface_types.1": "vmxnet3",
                            "network_interface_types.2": "vmxnet3",
                            "scsi_bus_sharing": "noSharing",
                            "scsi_controller_scan_count": "1",
                            "scsi_type": "pvscsi"
                        },
                        "meta": {},
                        "tainted": false
                    },
                    "deposed": [],
                    "provider": "provider.vsphere"
                },
                "vsphere_virtual_machine.SDSvm": {
                    "type": "vsphere_virtual_machine",
                    "depends_on": [
                        "data.vsphere_compute_cluster.cluster",
                        "data.vsphere_datastore.datastore",
                        "data.vsphere_network.sio_pg1",
                        "data.vsphere_network.sio_pg2",
                        "data.vsphere_network.vlan344",
                        "data.vsphere_virtual_machine.template"
                    ],
                    "primary": {
                        "id": "42199532-f7f0-ee18-be19-690b7c167d21",
                        "attributes": {
                            "alternate_guest_name": "",
                            "annotation": "",
                            "boot_delay": "0",
                            "boot_retry_delay": "10000",
                            "boot_retry_enabled": "false",
                            "cdrom.#": "0",
                            "change_version": "2019-01-21T22:24:12.672939Z",
                            "clone.#": "1",
                            "clone.0.customize.#": "1",
                            "clone.0.customize.0.dns_server_list.#": "2",
                            "clone.0.customize.0.dns_server_list.0": "10.237.198.254",
                            "clone.0.customize.0.dns_server_list.1": "10.201.16.29",
                            "clone.0.customize.0.dns_suffix_list.#": "0",
                            "clone.0.customize.0.ipv4_gateway": "10.237.198.1",
                            "clone.0.customize.0.ipv6_gateway": "",
                            "clone.0.customize.0.linux_options.#": "1",
                            "clone.0.customize.0.linux_options.0.domain": "pac.lab",
                            "clone.0.customize.0.linux_options.0.host_name": "terraform-SIOSVM01",
                            "clone.0.customize.0.linux_options.0.hw_clock_utc": "true",
                            "clone.0.customize.0.linux_options.0.time_zone": "",
                            "clone.0.customize.0.network_interface.#": "3",
                            "clone.0.customize.0.network_interface.0.dns_domain": "",
                            "clone.0.customize.0.network_interface.0.dns_server_list.#": "0",
                            "clone.0.customize.0.network_interface.0.ipv4_address": "10.237.198.206",
                            "clone.0.customize.0.network_interface.0.ipv4_netmask": "24",
                            "clone.0.customize.0.network_interface.0.ipv6_address": "",
                            "clone.0.customize.0.network_interface.0.ipv6_netmask": "0",
                            "clone.0.customize.0.network_interface.1.dns_domain": "",
                            "clone.0.customize.0.network_interface.1.dns_server_list.#": "0",
                            "clone.0.customize.0.network_interface.1.ipv4_address": "192.168.10.206",
                            "clone.0.customize.0.network_interface.1.ipv4_netmask": "24",
                            "clone.0.customize.0.network_interface.1.ipv6_address": "",
                            "clone.0.customize.0.network_interface.1.ipv6_netmask": "0",
                            "clone.0.customize.0.network_interface.2.dns_domain": "",
                            "clone.0.customize.0.network_interface.2.dns_server_list.#": "0",
                            "clone.0.customize.0.network_interface.2.ipv4_address": "192.168.11.206",
                            "clone.0.customize.0.network_interface.2.ipv4_netmask": "24",
                            "clone.0.customize.0.network_interface.2.ipv6_address": "",
                            "clone.0.customize.0.network_interface.2.ipv6_netmask": "0",
                            "clone.0.customize.0.timeout": "10",
                            "clone.0.customize.0.windows_options.#": "0",
                            "clone.0.customize.0.windows_sysprep_text": "",
                            "clone.0.linked_clone": "false",
                            "clone.0.template_uuid": "42198763-fde9-18b5-85ee-65bc5e4f0ae0",
                            "clone.0.timeout": "30",
                            "cpu_hot_add_enabled": "false",
                            "cpu_hot_remove_enabled": "false",
                            "cpu_limit": "-1",
                            "cpu_performance_counters_enabled": "false",
                            "cpu_reservation": "0",
                            "cpu_share_count": "2000",
                            "cpu_share_level": "normal",
                            "custom_attributes.%": "0",
                            "datastore_id": "datastore-91",
                            "default_ip_address": "10.237.198.206",
                            "disk.#": "5",
                            "disk.0.attach": "false",
                            "disk.0.datastore_id": "datastore-91",
                            "disk.0.device_address": "scsi:0:0",
                            "disk.0.disk_mode": "persistent",
                            "disk.0.disk_sharing": "sharingNone",
                            "disk.0.eagerly_scrub": "false",
                            "disk.0.io_limit": "-1",
                            "disk.0.io_reservation": "0",
                            "disk.0.io_share_count": "1000",
                            "disk.0.io_share_level": "normal",
                            "disk.0.keep_on_remove": "false",
                            "disk.0.key": "2000",
                            "disk.0.label": "disk0",
                            "disk.0.name": "",
                            "disk.0.path": "terraform-SIOSVM01/terraform-SIOSVM01.vmdk",
                            "disk.0.size": "16",
                            "disk.0.thin_provisioned": "false",
                            "disk.0.unit_number": "0",
                            "disk.0.uuid": "6000C29b-9e37-381a-e6ce-decfcb1e5801",
                            "disk.0.write_through": "false",
                            "disk.1.attach": "true",
                            "disk.1.datastore_id": "datastore-328",
                            "disk.1.device_address": "scsi:0:2",
                            "disk.1.disk_mode": "persistent",
                            "disk.1.disk_sharing": "sharingNone",
                            "disk.1.eagerly_scrub": "false",
                            "disk.1.io_limit": "-1",
                            "disk.1.io_reservation": "0",
                            "disk.1.io_share_count": "1000",
                            "disk.1.io_share_level": "normal",
                            "disk.1.keep_on_remove": "false",
                            "disk.1.key": "2002",
                            "disk.1.label": "disk1",
                            "disk.1.name": "",
                            "disk.1.path": "SDSvm1_Disk1.vmdk",
                            "disk.1.size": "0",
                            "disk.1.thin_provisioned": "true",
                            "disk.1.unit_number": "2",
                            "disk.1.uuid": "6000C298-f16d-55c8-a628-7242c7b897a0",
                            "disk.1.write_through": "false",
                            "disk.2.attach": "true",
                            "disk.2.datastore_id": "datastore-335",
                            "disk.2.device_address": "scsi:0:3",
                            "disk.2.disk_mode": "persistent",
                            "disk.2.disk_sharing": "sharingNone",
                            "disk.2.eagerly_scrub": "false",
                            "disk.2.io_limit": "-1",
                            "disk.2.io_reservation": "0",
                            "disk.2.io_share_count": "1000",
                            "disk.2.io_share_level": "normal",
                            "disk.2.keep_on_remove": "false",
                            "disk.2.key": "2003",
                            "disk.2.label": "disk2",
                            "disk.2.name": "",
                            "disk.2.path": "SDSvm1_Disk2.vmdk",
                            "disk.2.size": "0",
                            "disk.2.thin_provisioned": "true",
                            "disk.2.unit_number": "3",
                            "disk.2.uuid": "6000C295-5efa-11be-81b1-a1ca67e6930e",
                            "disk.2.write_through": "false",
                            "disk.3.attach": "true",
                            "disk.3.datastore_id": "datastore-338",
                            "disk.3.device_address": "scsi:0:4",
                            "disk.3.disk_mode": "persistent",
                            "disk.3.disk_sharing": "sharingNone",
                            "disk.3.eagerly_scrub": "false",
                            "disk.3.io_limit": "-1",
                            "disk.3.io_reservation": "0",
                            "disk.3.io_share_count": "1000",
                            "disk.3.io_share_level": "normal",
                            "disk.3.keep_on_remove": "false",
                            "disk.3.key": "2004",
                            "disk.3.label": "disk3",
                            "disk.3.name": "",
                            "disk.3.path": "SDSvm1_Disk3.vmdk",
                            "disk.3.size": "0",
                            "disk.3.thin_provisioned": "true",
                            "disk.3.unit_number": "4",
                            "disk.3.uuid": "6000C29e-da2f-b155-91b3-c731357c4061",
                            "disk.3.write_through": "false",
                            "disk.4.attach": "true",
                            "disk.4.datastore_id": "datastore-339",
                            "disk.4.device_address": "scsi:0:5",
                            "disk.4.disk_mode": "persistent",
                            "disk.4.disk_sharing": "sharingNone",
                            "disk.4.eagerly_scrub": "false",
                            "disk.4.io_limit": "-1",
                            "disk.4.io_reservation": "0",
                            "disk.4.io_share_count": "1000",
                            "disk.4.io_share_level": "normal",
                            "disk.4.keep_on_remove": "false",
                            "disk.4.key": "2005",
                            "disk.4.label": "disk4",
                            "disk.4.name": "",
                            "disk.4.path": "SDSvm1_Disk4.vmdk",
                            "disk.4.size": "0",
                            "disk.4.thin_provisioned": "true",
                            "disk.4.unit_number": "5",
                            "disk.4.uuid": "6000C295-5905-6659-7d6b-5468bda3bf6c",
                            "disk.4.write_through": "false",
                            "efi_secure_boot_enabled": "false",
                            "enable_disk_uuid": "false",
                            "enable_logging": "false",
                            "ept_rvi_mode": "automatic",
                            "extra_config.%": "0",
                            "firmware": "bios",
                            "folder": "",
                            "force_power_off": "true",
                            "guest_id": "centos64Guest",
                            "guest_ip_addresses.#": "6",
                            "guest_ip_addresses.0": "10.237.198.206",
                            "guest_ip_addresses.1": "192.168.10.206",
                            "guest_ip_addresses.2": "192.168.11.206",
                            "guest_ip_addresses.3": "fe80::250:56ff:fe99:95ab",
                            "guest_ip_addresses.4": "fe80::250:56ff:fe99:a206",
                            "guest_ip_addresses.5": "fe80::250:56ff:fe99:cc73",
                            "host_system_id": "host-90",
                            "hv_mode": "hvAuto",
                            "id": "42199532-f7f0-ee18-be19-690b7c167d21",
                            "latency_sensitivity": "normal",
                            "memory": "1024",
                            "memory_hot_add_enabled": "false",
                            "memory_limit": "-1",
                            "memory_reservation": "0",
                            "memory_share_count": "10240",
                            "memory_share_level": "normal",
                            "migrate_wait_timeout": "30",
                            "moid": "vm-373",
                            "name": "terraform-SIOSVM01",
                            "nested_hv_enabled": "false",
                            "network_interface.#": "3",
                            "network_interface.0.adapter_type": "vmxnet3",
                            "network_interface.0.bandwidth_limit": "-1",
                            "network_interface.0.bandwidth_reservation": "0",
                            "network_interface.0.bandwidth_share_count": "50",
                            "network_interface.0.bandwidth_share_level": "normal",
                            "network_interface.0.device_address": "pci:0:7",
                            "network_interface.0.key": "4000",
                            "network_interface.0.mac_address": "00:50:56:99:95:ab",
                            "network_interface.0.network_id": "dvportgroup-44",
                            "network_interface.0.use_static_mac": "false",
                            "network_interface.1.adapter_type": "vmxnet3",
                            "network_interface.1.bandwidth_limit": "-1",
                            "network_interface.1.bandwidth_reservation": "0",
                            "network_interface.1.bandwidth_share_count": "50",
                            "network_interface.1.bandwidth_share_level": "normal",
                            "network_interface.1.device_address": "pci:0:8",
                            "network_interface.1.key": "4001",
                            "network_interface.1.mac_address": "00:50:56:99:a2:06",
                            "network_interface.1.network_id": "dvportgroup-39",
                            "network_interface.1.use_static_mac": "false",
                            "network_interface.2.adapter_type": "vmxnet3",
                            "network_interface.2.bandwidth_limit": "-1",
                            "network_interface.2.bandwidth_reservation": "0",
                            "network_interface.2.bandwidth_share_count": "50",
                            "network_interface.2.bandwidth_share_level": "normal",
                            "network_interface.2.device_address": "pci:0:9",
                            "network_interface.2.key": "4002",
                            "network_interface.2.mac_address": "00:50:56:99:cc:73",
                            "network_interface.2.network_id": "dvportgroup-40",
                            "network_interface.2.use_static_mac": "false",
                            "num_cores_per_socket": "1",
                            "num_cpus": "2",
                            "reboot_required": "false",
                            "resource_pool_id": "resgroup-8",
                            "run_tools_scripts_after_power_on": "true",
                            "run_tools_scripts_after_resume": "true",
                            "run_tools_scripts_before_guest_reboot": "false",
                            "run_tools_scripts_before_guest_shutdown": "true",
                            "run_tools_scripts_before_guest_standby": "true",
                            "scsi_bus_sharing": "noSharing",
                            "scsi_controller_count": "1",
                            "scsi_type": "pvscsi",
                            "shutdown_wait_timeout": "3",
                            "swap_placement_policy": "inherit",
                            "sync_time_with_host": "false",
                            "tags.#": "0",
                            "uuid": "42199532-f7f0-ee18-be19-690b7c167d21",
                            "vapp_transport.#": "0",
                            "vmware_tools_status": "guestToolsRunning",
                            "vmx_path": "terraform-SIOSVM01/terraform-SIOSVM01.vmx",
                            "wait_for_guest_net_routable": "true",
                            "wait_for_guest_net_timeout": "5"
                        },
                        "meta": {
                            "schema_version": "3"
                        },
                        "tainted": false
                    },
                    "deposed": [],
                    "provider": "provider.vsphere"
                }
            },
            "depends_on": []
        },
        {
            "path": [
                "root",
                "SDSvm1_Disk1"
            ],
            "outputs": {
                "disk1_datastore_id": {
                    "sensitive": false,
                    "type": "string",
                    "value": "datastore-328"
                }
            },
            "resources": {
                "data.vsphere_datacenter.dc": {
                    "type": "vsphere_datacenter",
                    "depends_on": [],
                    "primary": {
                        "id": "datacenter-2",
                        "attributes": {
                            "id": "datacenter-2",
                            "name": "PacLabs"
                        },
                        "meta": {},
                        "tainted": false
                    },
                    "deposed": [],
                    "provider": "provider.vsphere"
                },
                "data.vsphere_datastore.datastore": {
                    "type": "vsphere_datastore",
                    "depends_on": [
                        "data.vsphere_datacenter.dc"
                    ],
                    "primary": {
                        "id": "datastore-328",
                        "attributes": {
                            "datacenter_id": "datacenter-2",
                            "id": "datastore-328",
                            "name": "PacLabs001-SIO-1"
                        },
                        "meta": {},
                        "tainted": false
                    },
                    "deposed": [],
                    "provider": "provider.vsphere"
                },
                "vsphere_virtual_disk.myDisk": {
                    "type": "vsphere_virtual_disk",
                    "depends_on": [],
                    "primary": {
                        "id": "SDSvm1_Disk1.vmdk",
                        "attributes": {
                            "adapter_type": "lsiLogic",
                            "datacenter": "PacLabs",
                            "datastore": "PacLabs001-SIO-1",
                            "id": "SDSvm1_Disk1.vmdk",
                            "size": "900",
                            "type": "lazy",
                            "vmdk_path": "SDSvm1_Disk1.vmdk"
                        },
                        "meta": {},
                        "tainted": false
                    },
                    "deposed": [],
                    "provider": "provider.vsphere"
                }
            },
            "depends_on": []
        },
        {
            "path": [
                "root",
                "SDSvm1_Disk2"
            ],
            "outputs": {
                "disk1_datastore_id": {
                    "sensitive": false,
                    "type": "string",
                    "value": "datastore-335"
                }
            },
            "resources": {
                "data.vsphere_datacenter.dc": {
                    "type": "vsphere_datacenter",
                    "depends_on": [],
                    "primary": {
                        "id": "datacenter-2",
                        "attributes": {
                            "id": "datacenter-2",
                            "name": "PacLabs"
                        },
                        "meta": {},
                        "tainted": false
                    },
                    "deposed": [],
                    "provider": "provider.vsphere"
                },
                "data.vsphere_datastore.datastore": {
                    "type": "vsphere_datastore",
                    "depends_on": [
                        "data.vsphere_datacenter.dc"
                    ],
                    "primary": {
                        "id": "datastore-335",
                        "attributes": {
                            "datacenter_id": "datacenter-2",
                            "id": "datastore-335",
                            "name": "PacLabs001-SIO-2"
                        },
                        "meta": {},
                        "tainted": false
                    },
                    "deposed": [],
                    "provider": "provider.vsphere"
                },
                "vsphere_virtual_disk.myDisk": {
                    "type": "vsphere_virtual_disk",
                    "depends_on": [],
                    "primary": {
                        "id": "SDSvm1_Disk2.vmdk",
                        "attributes": {
                            "adapter_type": "lsiLogic",
                            "datacenter": "PacLabs",
                            "datastore": "PacLabs001-SIO-2",
                            "id": "SDSvm1_Disk2.vmdk",
                            "size": "900",
                            "type": "lazy",
                            "vmdk_path": "SDSvm1_Disk2.vmdk"
                        },
                        "meta": {},
                        "tainted": false
                    },
                    "deposed": [],
                    "provider": "provider.vsphere"
                }
            },
            "depends_on": []
        },
        {
            "path": [
                "root",
                "SDSvm1_Disk3"
            ],
            "outputs": {
                "disk1_datastore_id": {
                    "sensitive": false,
                    "type": "string",
                    "value": "datastore-338"
                }
            },
            "resources": {
                "data.vsphere_datacenter.dc": {
                    "type": "vsphere_datacenter",
                    "depends_on": [],
                    "primary": {
                        "id": "datacenter-2",
                        "attributes": {
                            "id": "datacenter-2",
                            "name": "PacLabs"
                        },
                        "meta": {},
                        "tainted": false
                    },
                    "deposed": [],
                    "provider": "provider.vsphere"
                },
                "data.vsphere_datastore.datastore": {
                    "type": "vsphere_datastore",
                    "depends_on": [
                        "data.vsphere_datacenter.dc"
                    ],
                    "primary": {
                        "id": "datastore-338",
                        "attributes": {
                            "datacenter_id": "datacenter-2",
                            "id": "datastore-338",
                            "name": "PacLabs001-SIO-3"
                        },
                        "meta": {},
                        "tainted": false
                    },
                    "deposed": [],
                    "provider": "provider.vsphere"
                },
                "vsphere_virtual_disk.myDisk": {
                    "type": "vsphere_virtual_disk",
                    "depends_on": [],
                    "primary": {
                        "id": "SDSvm1_Disk3.vmdk",
                        "attributes": {
                            "adapter_type": "lsiLogic",
                            "datacenter": "PacLabs",
                            "datastore": "PacLabs001-SIO-3",
                            "id": "SDSvm1_Disk3.vmdk",
                            "size": "900",
                            "type": "lazy",
                            "vmdk_path": "SDSvm1_Disk3.vmdk"
                        },
                        "meta": {},
                        "tainted": false
                    },
                    "deposed": [],
                    "provider": "provider.vsphere"
                }
            },
            "depends_on": []
        },
        {
            "path": [
                "root",
                "SDSvm1_Disk4"
            ],
            "outputs": {
                "disk1_datastore_id": {
                    "sensitive": false,
                    "type": "string",
                    "value": "datastore-339"
                }
            },
            "resources": {
                "data.vsphere_datacenter.dc": {
                    "type": "vsphere_datacenter",
                    "depends_on": [],
                    "primary": {
                        "id": "datacenter-2",
                        "attributes": {
                            "id": "datacenter-2",
                            "name": "PacLabs"
                        },
                        "meta": {},
                        "tainted": false
                    },
                    "deposed": [],
                    "provider": "provider.vsphere"
                },
                "data.vsphere_datastore.datastore": {
                    "type": "vsphere_datastore",
                    "depends_on": [
                        "data.vsphere_datacenter.dc"
                    ],
                    "primary": {
                        "id": "datastore-339",
                        "attributes": {
                            "datacenter_id": "datacenter-2",
                            "id": "datastore-339",
                            "name": "PacLabs001-SIO-4"
                        },
                        "meta": {},
                        "tainted": false
                    },
                    "deposed": [],
                    "provider": "provider.vsphere"
                },
                "vsphere_virtual_disk.myDisk": {
                    "type": "vsphere_virtual_disk",
                    "depends_on": [],
                    "primary": {
                        "id": "SDSvm1_Disk4.vmdk",
                        "attributes": {
                            "adapter_type": "lsiLogic",
                            "datacenter": "PacLabs",
                            "datastore": "PacLabs001-SIO-4",
                            "id": "SDSvm1_Disk4.vmdk",
                            "size": "900",
                            "type": "lazy",
                            "vmdk_path": "SDSvm1_Disk4.vmdk"
                        },
                        "meta": {},
                        "tainted": false
                    },
                    "deposed": [],
                    "provider": "provider.vsphere"
                }
            },
            "depends_on": []
        },
        {
            "path": [
                "root",
                "SDSvm2"
            ],
            "outputs": {},
            "resources": {
                "data.vsphere_compute_cluster.cluster": {
                    "type": "vsphere_compute_cluster",
                    "depends_on": [
                        "data.vsphere_datacenter.dc"
                    ],
                    "primary": {
                        "id": "domain-c7",
                        "attributes": {
                            "datacenter_id": "datacenter-2",
                            "id": "domain-c7",
                            "name": "Nehalem",
                            "resource_pool_id": "resgroup-8"
                        },
                        "meta": {},
                        "tainted": false
                    },
                    "deposed": [],
                    "provider": "provider.vsphere"
                },
                "data.vsphere_datacenter.dc": {
                    "type": "vsphere_datacenter",
                    "depends_on": [],
                    "primary": {
                        "id": "datacenter-2",
                        "attributes": {
                            "id": "datacenter-2",
                            "name": "PacLabs"
                        },
                        "meta": {},
                        "tainted": false
                    },
                    "deposed": [],
                    "provider": "provider.vsphere"
                },
                "data.vsphere_datastore.datastore": {
                    "type": "vsphere_datastore",
                    "depends_on": [
                        "data.vsphere_datacenter.dc"
                    ],
                    "primary": {
                        "id": "datastore-53",
                        "attributes": {
                            "datacenter_id": "datacenter-2",
                            "id": "datastore-53",
                            "name": "PacLabs002_Boot"
                        },
                        "meta": {},
                        "tainted": false
                    },
                    "deposed": [],
                    "provider": "provider.vsphere"
                },
                "data.vsphere_network.sio_pg1": {
                    "type": "vsphere_network",
                    "depends_on": [
                        "data.vsphere_datacenter.dc"
                    ],
                    "primary": {
                        "id": "dvportgroup-39",
                        "attributes": {
                            "datacenter_id": "datacenter-2",
                            "id": "dvportgroup-39",
                            "name": "sio_pg1",
                            "type": "DistributedVirtualPortgroup"
                        },
                        "meta": {},
                        "tainted": false
                    },
                    "deposed": [],
                    "provider": "provider.vsphere"
                },
                "data.vsphere_network.sio_pg2": {
                    "type": "vsphere_network",
                    "depends_on": [
                        "data.vsphere_datacenter.dc"
                    ],
                    "primary": {
                        "id": "dvportgroup-40",
                        "attributes": {
                            "datacenter_id": "datacenter-2",
                            "id": "dvportgroup-40",
                            "name": "sio_pg2",
                            "type": "DistributedVirtualPortgroup"
                        },
                        "meta": {},
                        "tainted": false
                    },
                    "deposed": [],
                    "provider": "provider.vsphere"
                },
                "data.vsphere_network.vlan344": {
                    "type": "vsphere_network",
                    "depends_on": [
                        "data.vsphere_datacenter.dc"
                    ],
                    "primary": {
                        "id": "dvportgroup-44",
                        "attributes": {
                            "datacenter_id": "datacenter-2",
                            "id": "dvportgroup-44",
                            "name": "pg_344",
                            "type": "DistributedVirtualPortgroup"
                        },
                        "meta": {},
                        "tainted": false
                    },
                    "deposed": [],
                    "provider": "provider.vsphere"
                },
                "data.vsphere_resource_pool.pool": {
                    "type": "vsphere_resource_pool",
                    "depends_on": [
                        "data.vsphere_datacenter.dc"
                    ],
                    "primary": {
                        "id": "resgroup-8",
                        "attributes": {
                            "datacenter_id": "datacenter-2",
                            "id": "resgroup-8",
                            "name": "Nehalem/Resources"
                        },
                        "meta": {},
                        "tainted": false
                    },
                    "deposed": [],
                    "provider": "provider.vsphere"
                },
                "data.vsphere_virtual_machine.template": {
                    "type": "vsphere_virtual_machine",
                    "depends_on": [
                        "data.vsphere_datacenter.dc"
                    ],
                    "primary": {
                        "id": "42198763-fde9-18b5-85ee-65bc5e4f0ae0",
                        "attributes": {
                            "alternate_guest_name": "",
                            "datacenter_id": "datacenter-2",
                            "disks.#": "1",
                            "disks.0.eagerly_scrub": "false",
                            "disks.0.size": "16",
                            "disks.0.thin_provisioned": "false",
                            "firmware": "bios",
                            "guest_id": "centos64Guest",
                            "id": "42198763-fde9-18b5-85ee-65bc5e4f0ae0",
                            "name": "CentOSTemplate",
                            "network_interface_types.#": "3",
                            "network_interface_types.0": "vmxnet3",
                            "network_interface_types.1": "vmxnet3",
                            "network_interface_types.2": "vmxnet3",
                            "scsi_bus_sharing": "noSharing",
                            "scsi_controller_scan_count": "1",
                            "scsi_type": "pvscsi"
                        },
                        "meta": {},
                        "tainted": false
                    },
                    "deposed": [],
                    "provider": "provider.vsphere"
                },
                "vsphere_virtual_machine.SDSvm": {
                    "type": "vsphere_virtual_machine",
                    "depends_on": [
                        "data.vsphere_compute_cluster.cluster",
                        "data.vsphere_datastore.datastore",
                        "data.vsphere_network.sio_pg1",
                        "data.vsphere_network.sio_pg2",
                        "data.vsphere_network.vlan344",
                        "data.vsphere_virtual_machine.template"
                    ],
                    "primary": {
                        "id": "42191551-9866-1416-685f-2dcdaad62137",
                        "attributes": {
                            "alternate_guest_name": "",
                            "annotation": "",
                            "boot_delay": "0",
                            "boot_retry_delay": "10000",
                            "boot_retry_enabled": "false",
                            "cdrom.#": "0",
                            "change_version": "2019-01-21T20:33:45.982133Z",
                            "clone.#": "1",
                            "clone.0.customize.#": "1",
                            "clone.0.customize.0.dns_server_list.#": "2",
                            "clone.0.customize.0.dns_server_list.0": "10.237.198.254",
                            "clone.0.customize.0.dns_server_list.1": "10.201.16.29",
                            "clone.0.customize.0.dns_suffix_list.#": "0",
                            "clone.0.customize.0.ipv4_gateway": "10.237.198.1",
                            "clone.0.customize.0.ipv6_gateway": "",
                            "clone.0.customize.0.linux_options.#": "1",
                            "clone.0.customize.0.linux_options.0.domain": "pac.lab",
                            "clone.0.customize.0.linux_options.0.host_name": "terraform-SIOSVM02",
                            "clone.0.customize.0.linux_options.0.hw_clock_utc": "true",
                            "clone.0.customize.0.linux_options.0.time_zone": "",
                            "clone.0.customize.0.network_interface.#": "3",
                            "clone.0.customize.0.network_interface.0.dns_domain": "",
                            "clone.0.customize.0.network_interface.0.dns_server_list.#": "0",
                            "clone.0.customize.0.network_interface.0.ipv4_address": "10.237.198.207",
                            "clone.0.customize.0.network_interface.0.ipv4_netmask": "24",
                            "clone.0.customize.0.network_interface.0.ipv6_address": "",
                            "clone.0.customize.0.network_interface.0.ipv6_netmask": "0",
                            "clone.0.customize.0.network_interface.1.dns_domain": "",
                            "clone.0.customize.0.network_interface.1.dns_server_list.#": "0",
                            "clone.0.customize.0.network_interface.1.ipv4_address": "192.168.10.207",
                            "clone.0.customize.0.network_interface.1.ipv4_netmask": "24",
                            "clone.0.customize.0.network_interface.1.ipv6_address": "",
                            "clone.0.customize.0.network_interface.1.ipv6_netmask": "0",
                            "clone.0.customize.0.network_interface.2.dns_domain": "",
                            "clone.0.customize.0.network_interface.2.dns_server_list.#": "0",
                            "clone.0.customize.0.network_interface.2.ipv4_address": "192.168.11.207",
                            "clone.0.customize.0.network_interface.2.ipv4_netmask": "24",
                            "clone.0.customize.0.network_interface.2.ipv6_address": "",
                            "clone.0.customize.0.network_interface.2.ipv6_netmask": "0",
                            "clone.0.customize.0.timeout": "10",
                            "clone.0.customize.0.windows_options.#": "0",
                            "clone.0.customize.0.windows_sysprep_text": "",
                            "clone.0.linked_clone": "false",
                            "clone.0.template_uuid": "42198763-fde9-18b5-85ee-65bc5e4f0ae0",
                            "clone.0.timeout": "30",
                            "cpu_hot_add_enabled": "false",
                            "cpu_hot_remove_enabled": "false",
                            "cpu_limit": "-1",
                            "cpu_performance_counters_enabled": "false",
                            "cpu_reservation": "0",
                            "cpu_share_count": "2000",
                            "cpu_share_level": "normal",
                            "custom_attributes.%": "0",
                            "datastore_id": "datastore-53",
                            "default_ip_address": "10.237.198.207",
                            "disk.#": "5",
                            "disk.0.attach": "false",
                            "disk.0.datastore_id": "datastore-53",
                            "disk.0.device_address": "scsi:0:0",
                            "disk.0.disk_mode": "persistent",
                            "disk.0.disk_sharing": "sharingNone",
                            "disk.0.eagerly_scrub": "false",
                            "disk.0.io_limit": "-1",
                            "disk.0.io_reservation": "0",
                            "disk.0.io_share_count": "1000",
                            "disk.0.io_share_level": "normal",
                            "disk.0.keep_on_remove": "false",
                            "disk.0.key": "2000",
                            "disk.0.label": "disk0",
                            "disk.0.name": "",
                            "disk.0.path": "terraform-SIOSVM02/terraform-SIOSVM02.vmdk",
                            "disk.0.size": "16",
                            "disk.0.thin_provisioned": "false",
                            "disk.0.unit_number": "0",
                            "disk.0.uuid": "6000C291-f1f7-28a2-06ee-fd638ab646d5",
                            "disk.0.write_through": "false",
                            "disk.1.attach": "true",
                            "disk.1.datastore_id": "datastore-341",
                            "disk.1.device_address": "scsi:0:2",
                            "disk.1.disk_mode": "persistent",
                            "disk.1.disk_sharing": "sharingNone",
                            "disk.1.eagerly_scrub": "false",
                            "disk.1.io_limit": "-1",
                            "disk.1.io_reservation": "0",
                            "disk.1.io_share_count": "1000",
                            "disk.1.io_share_level": "normal",
                            "disk.1.keep_on_remove": "false",
                            "disk.1.key": "2002",
                            "disk.1.label": "disk1",
                            "disk.1.name": "",
                            "disk.1.path": "SDSvm2_Disk1.vmdk",
                            "disk.1.size": "0",
                            "disk.1.thin_provisioned": "true",
                            "disk.1.unit_number": "2",
                            "disk.1.uuid": "6000C299-d876-2b3d-081e-7e9e99375072",
                            "disk.1.write_through": "false",
                            "disk.2.attach": "true",
                            "disk.2.datastore_id": "datastore-342",
                            "disk.2.device_address": "scsi:0:3",
                            "disk.2.disk_mode": "persistent",
                            "disk.2.disk_sharing": "sharingNone",
                            "disk.2.eagerly_scrub": "false",
                            "disk.2.io_limit": "-1",
                            "disk.2.io_reservation": "0",
                            "disk.2.io_share_count": "1000",
                            "disk.2.io_share_level": "normal",
                            "disk.2.keep_on_remove": "false",
                            "disk.2.key": "2003",
                            "disk.2.label": "disk2",
                            "disk.2.name": "",
                            "disk.2.path": "SDSvm2_Disk2.vmdk",
                            "disk.2.size": "0",
                            "disk.2.thin_provisioned": "true",
                            "disk.2.unit_number": "3",
                            "disk.2.uuid": "6000C294-f49a-e3a2-9e61-ceacc2748321",
                            "disk.2.write_through": "false",
                            "disk.3.attach": "true",
                            "disk.3.datastore_id": "datastore-343",
                            "disk.3.device_address": "scsi:0:4",
                            "disk.3.disk_mode": "persistent",
                            "disk.3.disk_sharing": "sharingNone",
                            "disk.3.eagerly_scrub": "false",
                            "disk.3.io_limit": "-1",
                            "disk.3.io_reservation": "0",
                            "disk.3.io_share_count": "1000",
                            "disk.3.io_share_level": "normal",
                            "disk.3.keep_on_remove": "false",
                            "disk.3.key": "2004",
                            "disk.3.label": "disk3",
                            "disk.3.name": "",
                            "disk.3.path": "SDSvm2_Disk3.vmdk",
                            "disk.3.size": "0",
                            "disk.3.thin_provisioned": "true",
                            "disk.3.unit_number": "4",
                            "disk.3.uuid": "6000C29f-c5b8-a32f-0504-f04e6ad11435",
                            "disk.3.write_through": "false",
                            "disk.4.attach": "true",
                            "disk.4.datastore_id": "datastore-344",
                            "disk.4.device_address": "scsi:0:5",
                            "disk.4.disk_mode": "persistent",
                            "disk.4.disk_sharing": "sharingNone",
                            "disk.4.eagerly_scrub": "false",
                            "disk.4.io_limit": "-1",
                            "disk.4.io_reservation": "0",
                            "disk.4.io_share_count": "1000",
                            "disk.4.io_share_level": "normal",
                            "disk.4.keep_on_remove": "false",
                            "disk.4.key": "2005",
                            "disk.4.label": "disk4",
                            "disk.4.name": "",
                            "disk.4.path": "SDSvm2_Disk4.vmdk",
                            "disk.4.size": "0",
                            "disk.4.thin_provisioned": "true",
                            "disk.4.unit_number": "5",
                            "disk.4.uuid": "6000C29b-52d8-ddde-3891-3d1639fb2199",
                            "disk.4.write_through": "false",
                            "efi_secure_boot_enabled": "false",
                            "enable_disk_uuid": "false",
                            "enable_logging": "false",
                            "ept_rvi_mode": "automatic",
                            "extra_config.%": "0",
                            "firmware": "bios",
                            "folder": "",
                            "force_power_off": "true",
                            "guest_id": "centos64Guest",
                            "guest_ip_addresses.#": "6",
                            "guest_ip_addresses.0": "10.237.198.207",
                            "guest_ip_addresses.1": "192.168.10.207",
                            "guest_ip_addresses.2": "192.168.11.207",
                            "guest_ip_addresses.3": "fe80::250:56ff:fe99:72e5",
                            "guest_ip_addresses.4": "fe80::250:56ff:fe99:a14a",
                            "guest_ip_addresses.5": "fe80::250:56ff:fe99:9e31",
                            "host_system_id": "host-52",
                            "hv_mode": "hvAuto",
                            "id": "42191551-9866-1416-685f-2dcdaad62137",
                            "latency_sensitivity": "normal",
                            "memory": "1024",
                            "memory_hot_add_enabled": "false",
                            "memory_limit": "-1",
                            "memory_reservation": "0",
                            "memory_share_count": "10240",
                            "memory_share_level": "normal",
                            "migrate_wait_timeout": "30",
                            "moid": "vm-374",
                            "name": "terraform-SIOSVM02",
                            "nested_hv_enabled": "false",
                            "network_interface.#": "3",
                            "network_interface.0.adapter_type": "vmxnet3",
                            "network_interface.0.bandwidth_limit": "-1",
                            "network_interface.0.bandwidth_reservation": "0",
                            "network_interface.0.bandwidth_share_count": "50",
                            "network_interface.0.bandwidth_share_level": "normal",
                            "network_interface.0.device_address": "pci:0:7",
                            "network_interface.0.key": "4000",
                            "network_interface.0.mac_address": "00:50:56:99:72:e5",
                            "network_interface.0.network_id": "dvportgroup-44",
                            "network_interface.0.use_static_mac": "false",
                            "network_interface.1.adapter_type": "vmxnet3",
                            "network_interface.1.bandwidth_limit": "-1",
                            "network_interface.1.bandwidth_reservation": "0",
                            "network_interface.1.bandwidth_share_count": "50",
                            "network_interface.1.bandwidth_share_level": "normal",
                            "network_interface.1.device_address": "pci:0:8",
                            "network_interface.1.key": "4001",
                            "network_interface.1.mac_address": "00:50:56:99:a1:4a",
                            "network_interface.1.network_id": "dvportgroup-39",
                            "network_interface.1.use_static_mac": "false",
                            "network_interface.2.adapter_type": "vmxnet3",
                            "network_interface.2.bandwidth_limit": "-1",
                            "network_interface.2.bandwidth_reservation": "0",
                            "network_interface.2.bandwidth_share_count": "50",
                            "network_interface.2.bandwidth_share_level": "normal",
                            "network_interface.2.device_address": "pci:0:9",
                            "network_interface.2.key": "4002",
                            "network_interface.2.mac_address": "00:50:56:99:9e:31",
                            "network_interface.2.network_id": "dvportgroup-40",
                            "network_interface.2.use_static_mac": "false",
                            "num_cores_per_socket": "1",
                            "num_cpus": "2",
                            "reboot_required": "false",
                            "resource_pool_id": "resgroup-8",
                            "run_tools_scripts_after_power_on": "true",
                            "run_tools_scripts_after_resume": "true",
                            "run_tools_scripts_before_guest_reboot": "false",
                            "run_tools_scripts_before_guest_shutdown": "true",
                            "run_tools_scripts_before_guest_standby": "true",
                            "scsi_bus_sharing": "noSharing",
                            "scsi_controller_count": "1",
                            "scsi_type": "pvscsi",
                            "shutdown_wait_timeout": "3",
                            "swap_placement_policy": "inherit",
                            "sync_time_with_host": "false",
                            "tags.#": "0",
                            "uuid": "42191551-9866-1416-685f-2dcdaad62137",
                            "vapp_transport.#": "0",
                            "vmware_tools_status": "guestToolsRunning",
                            "vmx_path": "terraform-SIOSVM02/terraform-SIOSVM02.vmx",
                            "wait_for_guest_net_routable": "true",
                            "wait_for_guest_net_timeout": "5"
                        },
                        "meta": {
                            "schema_version": "3"
                        },
                        "tainted": false
                    },
                    "deposed": [],
                    "provider": "provider.vsphere"
                }
            },
            "depends_on": []
        },
        {
            "path": [
                "root",
                "SDSvm2_Disk1"
            ],
            "outputs": {
                "disk1_datastore_id": {
                    "sensitive": false,
                    "type": "string",
                    "value": "datastore-341"
                }
            },
            "resources": {
                "data.vsphere_datacenter.dc": {
                    "type": "vsphere_datacenter",
                    "depends_on": [],
                    "primary": {
                        "id": "datacenter-2",
                        "attributes": {
                            "id": "datacenter-2",
                            "name": "PacLabs"
                        },
                        "meta": {},
                        "tainted": false
                    },
                    "deposed": [],
                    "provider": "provider.vsphere"
                },
                "data.vsphere_datastore.datastore": {
                    "type": "vsphere_datastore",
                    "depends_on": [
                        "data.vsphere_datacenter.dc"
                    ],
                    "primary": {
                        "id": "datastore-341",
                        "attributes": {
                            "datacenter_id": "datacenter-2",
                            "id": "datastore-341",
                            "name": "PacLabs002-SIO-1"
                        },
                        "meta": {},
                        "tainted": false
                    },
                    "deposed": [],
                    "provider": "provider.vsphere"
                },
                "vsphere_virtual_disk.myDisk": {
                    "type": "vsphere_virtual_disk",
                    "depends_on": [],
                    "primary": {
                        "id": "SDSvm2_Disk1.vmdk",
                        "attributes": {
                            "adapter_type": "lsiLogic",
                            "datacenter": "PacLabs",
                            "datastore": "PacLabs002-SIO-1",
                            "id": "SDSvm2_Disk1.vmdk",
                            "size": "900",
                            "type": "lazy",
                            "vmdk_path": "SDSvm2_Disk1.vmdk"
                        },
                        "meta": {},
                        "tainted": false
                    },
                    "deposed": [],
                    "provider": "provider.vsphere"
                }
            },
            "depends_on": []
        },
        {
            "path": [
                "root",
                "SDSvm2_Disk2"
            ],
            "outputs": {
                "disk1_datastore_id": {
                    "sensitive": false,
                    "type": "string",
                    "value": "datastore-342"
                }
            },
            "resources": {
                "data.vsphere_datacenter.dc": {
                    "type": "vsphere_datacenter",
                    "depends_on": [],
                    "primary": {
                        "id": "datacenter-2",
                        "attributes": {
                            "id": "datacenter-2",
                            "name": "PacLabs"
                        },
                        "meta": {},
                        "tainted": false
                    },
                    "deposed": [],
                    "provider": "provider.vsphere"
                },
                "data.vsphere_datastore.datastore": {
                    "type": "vsphere_datastore",
                    "depends_on": [
                        "data.vsphere_datacenter.dc"
                    ],
                    "primary": {
                        "id": "datastore-342",
                        "attributes": {
                            "datacenter_id": "datacenter-2",
                            "id": "datastore-342",
                            "name": "PacLabs002-SIO-2"
                        },
                        "meta": {},
                        "tainted": false
                    },
                    "deposed": [],
                    "provider": "provider.vsphere"
                },
                "vsphere_virtual_disk.myDisk": {
                    "type": "vsphere_virtual_disk",
                    "depends_on": [],
                    "primary": {
                        "id": "SDSvm2_Disk2.vmdk",
                        "attributes": {
                            "adapter_type": "lsiLogic",
                            "datacenter": "PacLabs",
                            "datastore": "PacLabs002-SIO-2",
                            "id": "SDSvm2_Disk2.vmdk",
                            "size": "900",
                            "type": "lazy",
                            "vmdk_path": "SDSvm2_Disk2.vmdk"
                        },
                        "meta": {},
                        "tainted": false
                    },
                    "deposed": [],
                    "provider": "provider.vsphere"
                }
            },
            "depends_on": []
        },
        {
            "path": [
                "root",
                "SDSvm2_Disk3"
            ],
            "outputs": {
                "disk1_datastore_id": {
                    "sensitive": false,
                    "type": "string",
                    "value": "datastore-343"
                }
            },
            "resources": {
                "data.vsphere_datacenter.dc": {
                    "type": "vsphere_datacenter",
                    "depends_on": [],
                    "primary": {
                        "id": "datacenter-2",
                        "attributes": {
                            "id": "datacenter-2",
                            "name": "PacLabs"
                        },
                        "meta": {},
                        "tainted": false
                    },
                    "deposed": [],
                    "provider": "provider.vsphere"
                },
                "data.vsphere_datastore.datastore": {
                    "type": "vsphere_datastore",
                    "depends_on": [
                        "data.vsphere_datacenter.dc"
                    ],
                    "primary": {
                        "id": "datastore-343",
                        "attributes": {
                            "datacenter_id": "datacenter-2",
                            "id": "datastore-343",
                            "name": "PacLabs002-SIO-3"
                        },
                        "meta": {},
                        "tainted": false
                    },
                    "deposed": [],
                    "provider": "provider.vsphere"
                },
                "vsphere_virtual_disk.myDisk": {
                    "type": "vsphere_virtual_disk",
                    "depends_on": [],
                    "primary": {
                        "id": "SDSvm2_Disk3.vmdk",
                        "attributes": {
                            "adapter_type": "lsiLogic",
                            "datacenter": "PacLabs",
                            "datastore": "PacLabs002-SIO-3",
                            "id": "SDSvm2_Disk3.vmdk",
                            "size": "900",
                            "type": "lazy",
                            "vmdk_path": "SDSvm2_Disk3.vmdk"
                        },
                        "meta": {},
                        "tainted": false
                    },
                    "deposed": [],
                    "provider": "provider.vsphere"
                }
            },
            "depends_on": []
        },
        {
            "path": [
                "root",
                "SDSvm2_Disk4"
            ],
            "outputs": {
                "disk1_datastore_id": {
                    "sensitive": false,
                    "type": "string",
                    "value": "datastore-344"
                }
            },
            "resources": {
                "data.vsphere_datacenter.dc": {
                    "type": "vsphere_datacenter",
                    "depends_on": [],
                    "primary": {
                        "id": "datacenter-2",
                        "attributes": {
                            "id": "datacenter-2",
                            "name": "PacLabs"
                        },
                        "meta": {},
                        "tainted": false
                    },
                    "deposed": [],
                    "provider": "provider.vsphere"
                },
                "data.vsphere_datastore.datastore": {
                    "type": "vsphere_datastore",
                    "depends_on": [
                        "data.vsphere_datacenter.dc"
                    ],
                    "primary": {
                        "id": "datastore-344",
                        "attributes": {
                            "datacenter_id": "datacenter-2",
                            "id": "datastore-344",
                            "name": "PacLabs002-SIO-4"
                        },
                        "meta": {},
                        "tainted": false
                    },
                    "deposed": [],
                    "provider": "provider.vsphere"
                },
                "vsphere_virtual_disk.myDisk": {
                    "type": "vsphere_virtual_disk",
                    "depends_on": [],
                    "primary": {
                        "id": "SDSvm2_Disk4.vmdk",
                        "attributes": {
                            "adapter_type": "lsiLogic",
                            "datacenter": "PacLabs",
                            "datastore": "PacLabs002-SIO-4",
                            "id": "SDSvm2_Disk4.vmdk",
                            "size": "900",
                            "type": "lazy",
                            "vmdk_path": "SDSvm2_Disk4.vmdk"
                        },
                        "meta": {},
                        "tainted": false
                    },
                    "deposed": [],
                    "provider": "provider.vsphere"
                }
            },
            "depends_on": []
        },
        {
            "path": [
                "root",
                "SDSvm3"
            ],
            "outputs": {},
            "resources": {
                "data.vsphere_compute_cluster.cluster": {
                    "type": "vsphere_compute_cluster",
                    "depends_on": [
                        "data.vsphere_datacenter.dc"
                    ],
                    "primary": {
                        "id": "domain-c7",
                        "attributes": {
                            "datacenter_id": "datacenter-2",
                            "id": "domain-c7",
                            "name": "Nehalem",
                            "resource_pool_id": "resgroup-8"
                        },
                        "meta": {},
                        "tainted": false
                    },
                    "deposed": [],
                    "provider": "provider.vsphere"
                },
                "data.vsphere_datacenter.dc": {
                    "type": "vsphere_datacenter",
                    "depends_on": [],
                    "primary": {
                        "id": "datacenter-2",
                        "attributes": {
                            "id": "datacenter-2",
                            "name": "PacLabs"
                        },
                        "meta": {},
                        "tainted": false
                    },
                    "deposed": [],
                    "provider": "provider.vsphere"
                },
                "data.vsphere_datastore.datastore": {
                    "type": "vsphere_datastore",
                    "depends_on": [
                        "data.vsphere_datacenter.dc"
                    ],
                    "primary": {
                        "id": "datastore-123",
                        "attributes": {
                            "datacenter_id": "datacenter-2",
                            "id": "datastore-123",
                            "name": "PacLabs003_Boot"
                        },
                        "meta": {},
                        "tainted": false
                    },
                    "deposed": [],
                    "provider": "provider.vsphere"
                },
                "data.vsphere_network.sio_pg1": {
                    "type": "vsphere_network",
                    "depends_on": [
                        "data.vsphere_datacenter.dc"
                    ],
                    "primary": {
                        "id": "dvportgroup-39",
                        "attributes": {
                            "datacenter_id": "datacenter-2",
                            "id": "dvportgroup-39",
                            "name": "sio_pg1",
                            "type": "DistributedVirtualPortgroup"
                        },
                        "meta": {},
                        "tainted": false
                    },
                    "deposed": [],
                    "provider": "provider.vsphere"
                },
                "data.vsphere_network.sio_pg2": {
                    "type": "vsphere_network",
                    "depends_on": [
                        "data.vsphere_datacenter.dc"
                    ],
                    "primary": {
                        "id": "dvportgroup-40",
                        "attributes": {
                            "datacenter_id": "datacenter-2",
                            "id": "dvportgroup-40",
                            "name": "sio_pg2",
                            "type": "DistributedVirtualPortgroup"
                        },
                        "meta": {},
                        "tainted": false
                    },
                    "deposed": [],
                    "provider": "provider.vsphere"
                },
                "data.vsphere_network.vlan344": {
                    "type": "vsphere_network",
                    "depends_on": [
                        "data.vsphere_datacenter.dc"
                    ],
                    "primary": {
                        "id": "dvportgroup-44",
                        "attributes": {
                            "datacenter_id": "datacenter-2",
                            "id": "dvportgroup-44",
                            "name": "pg_344",
                            "type": "DistributedVirtualPortgroup"
                        },
                        "meta": {},
                        "tainted": false
                    },
                    "deposed": [],
                    "provider": "provider.vsphere"
                },
                "data.vsphere_resource_pool.pool": {
                    "type": "vsphere_resource_pool",
                    "depends_on": [
                        "data.vsphere_datacenter.dc"
                    ],
                    "primary": {
                        "id": "resgroup-8",
                        "attributes": {
                            "datacenter_id": "datacenter-2",
                            "id": "resgroup-8",
                            "name": "Nehalem/Resources"
                        },
                        "meta": {},
                        "tainted": false
                    },
                    "deposed": [],
                    "provider": "provider.vsphere"
                },
                "data.vsphere_virtual_machine.template": {
                    "type": "vsphere_virtual_machine",
                    "depends_on": [
                        "data.vsphere_datacenter.dc"
                    ],
                    "primary": {
                        "id": "42198763-fde9-18b5-85ee-65bc5e4f0ae0",
                        "attributes": {
                            "alternate_guest_name": "",
                            "datacenter_id": "datacenter-2",
                            "disks.#": "1",
                            "disks.0.eagerly_scrub": "false",
                            "disks.0.size": "16",
                            "disks.0.thin_provisioned": "false",
                            "firmware": "bios",
                            "guest_id": "centos64Guest",
                            "id": "42198763-fde9-18b5-85ee-65bc5e4f0ae0",
                            "name": "CentOSTemplate",
                            "network_interface_types.#": "3",
                            "network_interface_types.0": "vmxnet3",
                            "network_interface_types.1": "vmxnet3",
                            "network_interface_types.2": "vmxnet3",
                            "scsi_bus_sharing": "noSharing",
                            "scsi_controller_scan_count": "1",
                            "scsi_type": "pvscsi"
                        },
                        "meta": {},
                        "tainted": false
                    },
                    "deposed": [],
                    "provider": "provider.vsphere"
                },
                "vsphere_virtual_machine.SDSvm": {
                    "type": "vsphere_virtual_machine",
                    "depends_on": [
                        "data.vsphere_compute_cluster.cluster",
                        "data.vsphere_datastore.datastore",
                        "data.vsphere_network.sio_pg1",
                        "data.vsphere_network.sio_pg2",
                        "data.vsphere_network.vlan344",
                        "data.vsphere_virtual_machine.template"
                    ],
                    "primary": {
                        "id": "4219a54b-8ebc-115e-9cf8-fdbce2277c5d",
                        "attributes": {
                            "alternate_guest_name": "",
                            "annotation": "",
                            "boot_delay": "0",
                            "boot_retry_delay": "10000",
                            "boot_retry_enabled": "false",
                            "cdrom.#": "0",
                            "change_version": "2019-01-21T16:39:05.939166Z",
                            "clone.#": "1",
                            "clone.0.customize.#": "1",
                            "clone.0.customize.0.dns_server_list.#": "2",
                            "clone.0.customize.0.dns_server_list.0": "10.237.198.254",
                            "clone.0.customize.0.dns_server_list.1": "10.201.16.29",
                            "clone.0.customize.0.dns_suffix_list.#": "0",
                            "clone.0.customize.0.ipv4_gateway": "10.237.198.1",
                            "clone.0.customize.0.ipv6_gateway": "",
                            "clone.0.customize.0.linux_options.#": "1",
                            "clone.0.customize.0.linux_options.0.domain": "pac.lab",
                            "clone.0.customize.0.linux_options.0.host_name": "terraform-SIOSVM03",
                            "clone.0.customize.0.linux_options.0.hw_clock_utc": "true",
                            "clone.0.customize.0.linux_options.0.time_zone": "",
                            "clone.0.customize.0.network_interface.#": "3",
                            "clone.0.customize.0.network_interface.0.dns_domain": "",
                            "clone.0.customize.0.network_interface.0.dns_server_list.#": "0",
                            "clone.0.customize.0.network_interface.0.ipv4_address": "10.237.198.208",
                            "clone.0.customize.0.network_interface.0.ipv4_netmask": "24",
                            "clone.0.customize.0.network_interface.0.ipv6_address": "",
                            "clone.0.customize.0.network_interface.0.ipv6_netmask": "0",
                            "clone.0.customize.0.network_interface.1.dns_domain": "",
                            "clone.0.customize.0.network_interface.1.dns_server_list.#": "0",
                            "clone.0.customize.0.network_interface.1.ipv4_address": "192.168.10.208",
                            "clone.0.customize.0.network_interface.1.ipv4_netmask": "24",
                            "clone.0.customize.0.network_interface.1.ipv6_address": "",
                            "clone.0.customize.0.network_interface.1.ipv6_netmask": "0",
                            "clone.0.customize.0.network_interface.2.dns_domain": "",
                            "clone.0.customize.0.network_interface.2.dns_server_list.#": "0",
                            "clone.0.customize.0.network_interface.2.ipv4_address": "192.168.11.208",
                            "clone.0.customize.0.network_interface.2.ipv4_netmask": "24",
                            "clone.0.customize.0.network_interface.2.ipv6_address": "",
                            "clone.0.customize.0.network_interface.2.ipv6_netmask": "0",
                            "clone.0.customize.0.timeout": "10",
                            "clone.0.customize.0.windows_options.#": "0",
                            "clone.0.customize.0.windows_sysprep_text": "",
                            "clone.0.linked_clone": "false",
                            "clone.0.template_uuid": "42198763-fde9-18b5-85ee-65bc5e4f0ae0",
                            "clone.0.timeout": "30",
                            "cpu_hot_add_enabled": "false",
                            "cpu_hot_remove_enabled": "false",
                            "cpu_limit": "-1",
                            "cpu_performance_counters_enabled": "false",
                            "cpu_reservation": "0",
                            "cpu_share_count": "2000",
                            "cpu_share_level": "normal",
                            "custom_attributes.%": "0",
                            "datastore_id": "datastore-123",
                            "default_ip_address": "10.237.198.208",
                            "disk.#": "5",
                            "disk.0.attach": "false",
                            "disk.0.datastore_id": "datastore-123",
                            "disk.0.device_address": "scsi:0:0",
                            "disk.0.disk_mode": "persistent",
                            "disk.0.disk_sharing": "sharingNone",
                            "disk.0.eagerly_scrub": "false",
                            "disk.0.io_limit": "-1",
                            "disk.0.io_reservation": "0",
                            "disk.0.io_share_count": "1000",
                            "disk.0.io_share_level": "normal",
                            "disk.0.keep_on_remove": "false",
                            "disk.0.key": "2000",
                            "disk.0.label": "disk0",
                            "disk.0.name": "",
                            "disk.0.path": "terraform-SIOSVM03/terraform-SIOSVM03.vmdk",
                            "disk.0.size": "16",
                            "disk.0.thin_provisioned": "false",
                            "disk.0.unit_number": "0",
                            "disk.0.uuid": "6000C291-f1f7-28a2-06ee-fd638ab646d5",
                            "disk.0.write_through": "false",
                            "disk.1.attach": "true",
                            "disk.1.datastore_id": "datastore-347",
                            "disk.1.device_address": "scsi:0:2",
                            "disk.1.disk_mode": "persistent",
                            "disk.1.disk_sharing": "sharingNone",
                            "disk.1.eagerly_scrub": "false",
                            "disk.1.io_limit": "-1",
                            "disk.1.io_reservation": "0",
                            "disk.1.io_share_count": "1000",
                            "disk.1.io_share_level": "normal",
                            "disk.1.keep_on_remove": "false",
                            "disk.1.key": "2002",
                            "disk.1.label": "disk1",
                            "disk.1.name": "",
                            "disk.1.path": "SDSvm3_Disk1.vmdk",
                            "disk.1.size": "0",
                            "disk.1.thin_provisioned": "true",
                            "disk.1.unit_number": "2",
                            "disk.1.uuid": "6000C293-d109-d13b-7a4f-5f5f448c0fd7",
                            "disk.1.write_through": "false",
                            "disk.2.attach": "true",
                            "disk.2.datastore_id": "datastore-348",
                            "disk.2.device_address": "scsi:0:3",
                            "disk.2.disk_mode": "persistent",
                            "disk.2.disk_sharing": "sharingNone",
                            "disk.2.eagerly_scrub": "false",
                            "disk.2.io_limit": "-1",
                            "disk.2.io_reservation": "0",
                            "disk.2.io_share_count": "1000",
                            "disk.2.io_share_level": "normal",
                            "disk.2.keep_on_remove": "false",
                            "disk.2.key": "2003",
                            "disk.2.label": "disk2",
                            "disk.2.name": "",
                            "disk.2.path": "SDSvm3_Disk2.vmdk",
                            "disk.2.size": "0",
                            "disk.2.thin_provisioned": "true",
                            "disk.2.unit_number": "3",
                            "disk.2.uuid": "6000C298-e398-8d3d-ce83-109f4f8123fb",
                            "disk.2.write_through": "false",
                            "disk.3.attach": "true",
                            "disk.3.datastore_id": "datastore-349",
                            "disk.3.device_address": "scsi:0:4",
                            "disk.3.disk_mode": "persistent",
                            "disk.3.disk_sharing": "sharingNone",
                            "disk.3.eagerly_scrub": "false",
                            "disk.3.io_limit": "-1",
                            "disk.3.io_reservation": "0",
                            "disk.3.io_share_count": "1000",
                            "disk.3.io_share_level": "normal",
                            "disk.3.keep_on_remove": "false",
                            "disk.3.key": "2004",
                            "disk.3.label": "disk3",
                            "disk.3.name": "",
                            "disk.3.path": "SDSvm3_Disk3.vmdk",
                            "disk.3.size": "0",
                            "disk.3.thin_provisioned": "true",
                            "disk.3.unit_number": "4",
                            "disk.3.uuid": "6000C29a-9818-21cb-89ad-96701b998c29",
                            "disk.3.write_through": "false",
                            "disk.4.attach": "true",
                            "disk.4.datastore_id": "datastore-350",
                            "disk.4.device_address": "scsi:0:5",
                            "disk.4.disk_mode": "persistent",
                            "disk.4.disk_sharing": "sharingNone",
                            "disk.4.eagerly_scrub": "false",
                            "disk.4.io_limit": "-1",
                            "disk.4.io_reservation": "0",
                            "disk.4.io_share_count": "1000",
                            "disk.4.io_share_level": "normal",
                            "disk.4.keep_on_remove": "false",
                            "disk.4.key": "2005",
                            "disk.4.label": "disk4",
                            "disk.4.name": "",
                            "disk.4.path": "SDSvm3_Disk4.vmdk",
                            "disk.4.size": "0",
                            "disk.4.thin_provisioned": "true",
                            "disk.4.unit_number": "5",
                            "disk.4.uuid": "6000C294-3979-214b-cd77-11bdaf0dd1c5",
                            "disk.4.write_through": "false",
                            "efi_secure_boot_enabled": "false",
                            "enable_disk_uuid": "false",
                            "enable_logging": "false",
                            "ept_rvi_mode": "automatic",
                            "extra_config.%": "0",
                            "firmware": "bios",
                            "folder": "",
                            "force_power_off": "true",
                            "guest_id": "centos64Guest",
                            "guest_ip_addresses.#": "6",
                            "guest_ip_addresses.0": "10.237.198.208",
                            "guest_ip_addresses.1": "192.168.10.208",
                            "guest_ip_addresses.2": "192.168.11.208",
                            "guest_ip_addresses.3": "fe80::250:56ff:fe99:2a5c",
                            "guest_ip_addresses.4": "fe80::250:56ff:fe99:e64c",
                            "guest_ip_addresses.5": "fe80::250:56ff:fe99:9366",
                            "host_system_id": "host-122",
                            "hv_mode": "hvAuto",
                            "id": "4219a54b-8ebc-115e-9cf8-fdbce2277c5d",
                            "latency_sensitivity": "normal",
                            "memory": "1024",
                            "memory_hot_add_enabled": "false",
                            "memory_limit": "-1",
                            "memory_reservation": "0",
                            "memory_share_count": "10240",
                            "memory_share_level": "normal",
                            "migrate_wait_timeout": "30",
                            "moid": "vm-371",
                            "name": "terraform-SIOSVM03",
                            "nested_hv_enabled": "false",
                            "network_interface.#": "3",
                            "network_interface.0.adapter_type": "vmxnet3",
                            "network_interface.0.bandwidth_limit": "-1",
                            "network_interface.0.bandwidth_reservation": "0",
                            "network_interface.0.bandwidth_share_count": "50",
                            "network_interface.0.bandwidth_share_level": "normal",
                            "network_interface.0.device_address": "pci:0:7",
                            "network_interface.0.key": "4000",
                            "network_interface.0.mac_address": "00:50:56:99:2a:5c",
                            "network_interface.0.network_id": "dvportgroup-44",
                            "network_interface.0.use_static_mac": "false",
                            "network_interface.1.adapter_type": "vmxnet3",
                            "network_interface.1.bandwidth_limit": "-1",
                            "network_interface.1.bandwidth_reservation": "0",
                            "network_interface.1.bandwidth_share_count": "50",
                            "network_interface.1.bandwidth_share_level": "normal",
                            "network_interface.1.device_address": "pci:0:8",
                            "network_interface.1.key": "4001",
                            "network_interface.1.mac_address": "00:50:56:99:e6:4c",
                            "network_interface.1.network_id": "dvportgroup-39",
                            "network_interface.1.use_static_mac": "false",
                            "network_interface.2.adapter_type": "vmxnet3",
                            "network_interface.2.bandwidth_limit": "-1",
                            "network_interface.2.bandwidth_reservation": "0",
                            "network_interface.2.bandwidth_share_count": "50",
                            "network_interface.2.bandwidth_share_level": "normal",
                            "network_interface.2.device_address": "pci:0:9",
                            "network_interface.2.key": "4002",
                            "network_interface.2.mac_address": "00:50:56:99:93:66",
                            "network_interface.2.network_id": "dvportgroup-40",
                            "network_interface.2.use_static_mac": "false",
                            "num_cores_per_socket": "1",
                            "num_cpus": "2",
                            "reboot_required": "false",
                            "resource_pool_id": "resgroup-8",
                            "run_tools_scripts_after_power_on": "true",
                            "run_tools_scripts_after_resume": "true",
                            "run_tools_scripts_before_guest_reboot": "false",
                            "run_tools_scripts_before_guest_shutdown": "true",
                            "run_tools_scripts_before_guest_standby": "true",
                            "scsi_bus_sharing": "noSharing",
                            "scsi_controller_count": "1",
                            "scsi_type": "pvscsi",
                            "shutdown_wait_timeout": "3",
                            "swap_placement_policy": "inherit",
                            "sync_time_with_host": "false",
                            "tags.#": "0",
                            "uuid": "4219a54b-8ebc-115e-9cf8-fdbce2277c5d",
                            "vapp_transport.#": "0",
                            "vmware_tools_status": "guestToolsRunning",
                            "vmx_path": "terraform-SIOSVM03/terraform-SIOSVM03.vmx",
                            "wait_for_guest_net_routable": "true",
                            "wait_for_guest_net_timeout": "5"
                        },
                        "meta": {
                            "schema_version": "3"
                        },
                        "tainted": false
                    },
                    "deposed": [],
                    "provider": "provider.vsphere"
                }
            },
            "depends_on": []
        },
        {
            "path": [
                "root",
                "SDSvm3_Disk1"
            ],
            "outputs": {
                "disk1_datastore_id": {
                    "sensitive": false,
                    "type": "string",
                    "value": "datastore-347"
                }
            },
            "resources": {
                "data.vsphere_datacenter.dc": {
                    "type": "vsphere_datacenter",
                    "depends_on": [],
                    "primary": {
                        "id": "datacenter-2",
                        "attributes": {
                            "id": "datacenter-2",
                            "name": "PacLabs"
                        },
                        "meta": {},
                        "tainted": false
                    },
                    "deposed": [],
                    "provider": "provider.vsphere"
                },
                "data.vsphere_datastore.datastore": {
                    "type": "vsphere_datastore",
                    "depends_on": [
                        "data.vsphere_datacenter.dc"
                    ],
                    "primary": {
                        "id": "datastore-347",
                        "attributes": {
                            "datacenter_id": "datacenter-2",
                            "id": "datastore-347",
                            "name": "PacLabs003-SIO-1"
                        },
                        "meta": {},
                        "tainted": false
                    },
                    "deposed": [],
                    "provider": "provider.vsphere"
                },
                "vsphere_virtual_disk.myDisk": {
                    "type": "vsphere_virtual_disk",
                    "depends_on": [],
                    "primary": {
                        "id": "SDSvm3_Disk1.vmdk",
                        "attributes": {
                            "adapter_type": "lsiLogic",
                            "datacenter": "PacLabs",
                            "datastore": "PacLabs003-SIO-1",
                            "id": "SDSvm3_Disk1.vmdk",
                            "size": "900",
                            "type": "lazy",
                            "vmdk_path": "SDSvm3_Disk1.vmdk"
                        },
                        "meta": {},
                        "tainted": false
                    },
                    "deposed": [],
                    "provider": "provider.vsphere"
                }
            },
            "depends_on": []
        },
        {
            "path": [
                "root",
                "SDSvm3_Disk2"
            ],
            "outputs": {
                "disk1_datastore_id": {
                    "sensitive": false,
                    "type": "string",
                    "value": "datastore-348"
                }
            },
            "resources": {
                "data.vsphere_datacenter.dc": {
                    "type": "vsphere_datacenter",
                    "depends_on": [],
                    "primary": {
                        "id": "datacenter-2",
                        "attributes": {
                            "id": "datacenter-2",
                            "name": "PacLabs"
                        },
                        "meta": {},
                        "tainted": false
                    },
                    "deposed": [],
                    "provider": "provider.vsphere"
                },
                "data.vsphere_datastore.datastore": {
                    "type": "vsphere_datastore",
                    "depends_on": [
                        "data.vsphere_datacenter.dc"
                    ],
                    "primary": {
                        "id": "datastore-348",
                        "attributes": {
                            "datacenter_id": "datacenter-2",
                            "id": "datastore-348",
                            "name": "PacLabs003-SIO-2"
                        },
                        "meta": {},
                        "tainted": false
                    },
                    "deposed": [],
                    "provider": "provider.vsphere"
                },
                "vsphere_virtual_disk.myDisk": {
                    "type": "vsphere_virtual_disk",
                    "depends_on": [],
                    "primary": {
                        "id": "SDSvm3_Disk2.vmdk",
                        "attributes": {
                            "adapter_type": "lsiLogic",
                            "datacenter": "PacLabs",
                            "datastore": "PacLabs003-SIO-2",
                            "id": "SDSvm3_Disk2.vmdk",
                            "size": "900",
                            "type": "lazy",
                            "vmdk_path": "SDSvm3_Disk2.vmdk"
                        },
                        "meta": {},
                        "tainted": false
                    },
                    "deposed": [],
                    "provider": "provider.vsphere"
                }
            },
            "depends_on": []
        },
        {
            "path": [
                "root",
                "SDSvm3_Disk3"
            ],
            "outputs": {
                "disk1_datastore_id": {
                    "sensitive": false,
                    "type": "string",
                    "value": "datastore-349"
                }
            },
            "resources": {
                "data.vsphere_datacenter.dc": {
                    "type": "vsphere_datacenter",
                    "depends_on": [],
                    "primary": {
                        "id": "datacenter-2",
                        "attributes": {
                            "id": "datacenter-2",
                            "name": "PacLabs"
                        },
                        "meta": {},
                        "tainted": false
                    },
                    "deposed": [],
                    "provider": "provider.vsphere"
                },
                "data.vsphere_datastore.datastore": {
                    "type": "vsphere_datastore",
                    "depends_on": [
                        "data.vsphere_datacenter.dc"
                    ],
                    "primary": {
                        "id": "datastore-349",
                        "attributes": {
                            "datacenter_id": "datacenter-2",
                            "id": "datastore-349",
                            "name": "PacLabs003-SIO-3"
                        },
                        "meta": {},
                        "tainted": false
                    },
                    "deposed": [],
                    "provider": "provider.vsphere"
                },
                "vsphere_virtual_disk.myDisk": {
                    "type": "vsphere_virtual_disk",
                    "depends_on": [],
                    "primary": {
                        "id": "SDSvm3_Disk3.vmdk",
                        "attributes": {
                            "adapter_type": "lsiLogic",
                            "datacenter": "PacLabs",
                            "datastore": "PacLabs003-SIO-3",
                            "id": "SDSvm3_Disk3.vmdk",
                            "size": "900",
                            "type": "lazy",
                            "vmdk_path": "SDSvm3_Disk3.vmdk"
                        },
                        "meta": {},
                        "tainted": false
                    },
                    "deposed": [],
                    "provider": "provider.vsphere"
                }
            },
            "depends_on": []
        },
        {
            "path": [
                "root",
                "SDSvm3_Disk4"
            ],
            "outputs": {
                "disk1_datastore_id": {
                    "sensitive": false,
                    "type": "string",
                    "value": "datastore-350"
                }
            },
            "resources": {
                "data.vsphere_datacenter.dc": {
                    "type": "vsphere_datacenter",
                    "depends_on": [],
                    "primary": {
                        "id": "datacenter-2",
                        "attributes": {
                            "id": "datacenter-2",
                            "name": "PacLabs"
                        },
                        "meta": {},
                        "tainted": false
                    },
                    "deposed": [],
                    "provider": "provider.vsphere"
                },
                "data.vsphere_datastore.datastore": {
                    "type": "vsphere_datastore",
                    "depends_on": [
                        "data.vsphere_datacenter.dc"
                    ],
                    "primary": {
                        "id": "datastore-350",
                        "attributes": {
                            "datacenter_id": "datacenter-2",
                            "id": "datastore-350",
                            "name": "PacLabs003-SIO-4"
                        },
                        "meta": {},
                        "tainted": false
                    },
                    "deposed": [],
                    "provider": "provider.vsphere"
                },
                "vsphere_virtual_disk.myDisk": {
                    "type": "vsphere_virtual_disk",
                    "depends_on": [],
                    "primary": {
                        "id": "SDSvm3_Disk4.vmdk",
                        "attributes": {
                            "adapter_type": "lsiLogic",
                            "datacenter": "PacLabs",
                            "datastore": "PacLabs003-SIO-4",
                            "id": "SDSvm3_Disk4.vmdk",
                            "size": "900",
                            "type": "lazy",
                            "vmdk_path": "SDSvm3_Disk4.vmdk"
                        },
                        "meta": {},
                        "tainted": false
                    },
                    "deposed": [],
                    "provider": "provider.vsphere"
                }
            },
            "depends_on": []
        },
        {
            "path": [
                "root",
                "SDSvm4"
            ],
            "outputs": {},
            "resources": {
                "data.vsphere_compute_cluster.cluster": {
                    "type": "vsphere_compute_cluster",
                    "depends_on": [
                        "data.vsphere_datacenter.dc"
                    ],
                    "primary": {
                        "id": "domain-c7",
                        "attributes": {
                            "datacenter_id": "datacenter-2",
                            "id": "domain-c7",
                            "name": "Nehalem",
                            "resource_pool_id": "resgroup-8"
                        },
                        "meta": {},
                        "tainted": false
                    },
                    "deposed": [],
                    "provider": "provider.vsphere"
                },
                "data.vsphere_datacenter.dc": {
                    "type": "vsphere_datacenter",
                    "depends_on": [],
                    "primary": {
                        "id": "datacenter-2",
                        "attributes": {
                            "id": "datacenter-2",
                            "name": "PacLabs"
                        },
                        "meta": {},
                        "tainted": false
                    },
                    "deposed": [],
                    "provider": "provider.vsphere"
                },
                "data.vsphere_datastore.datastore": {
                    "type": "vsphere_datastore",
                    "depends_on": [
                        "data.vsphere_datacenter.dc"
                    ],
                    "primary": {
                        "id": "datastore-34",
                        "attributes": {
                            "datacenter_id": "datacenter-2",
                            "id": "datastore-34",
                            "name": "PacLabs004_Boot"
                        },
                        "meta": {},
                        "tainted": false
                    },
                    "deposed": [],
                    "provider": "provider.vsphere"
                },
                "data.vsphere_network.sio_pg1": {
                    "type": "vsphere_network",
                    "depends_on": [
                        "data.vsphere_datacenter.dc"
                    ],
                    "primary": {
                        "id": "dvportgroup-39",
                        "attributes": {
                            "datacenter_id": "datacenter-2",
                            "id": "dvportgroup-39",
                            "name": "sio_pg1",
                            "type": "DistributedVirtualPortgroup"
                        },
                        "meta": {},
                        "tainted": false
                    },
                    "deposed": [],
                    "provider": "provider.vsphere"
                },
                "data.vsphere_network.sio_pg2": {
                    "type": "vsphere_network",
                    "depends_on": [
                        "data.vsphere_datacenter.dc"
                    ],
                    "primary": {
                        "id": "dvportgroup-40",
                        "attributes": {
                            "datacenter_id": "datacenter-2",
                            "id": "dvportgroup-40",
                            "name": "sio_pg2",
                            "type": "DistributedVirtualPortgroup"
                        },
                        "meta": {},
                        "tainted": false
                    },
                    "deposed": [],
                    "provider": "provider.vsphere"
                },
                "data.vsphere_network.vlan344": {
                    "type": "vsphere_network",
                    "depends_on": [
                        "data.vsphere_datacenter.dc"
                    ],
                    "primary": {
                        "id": "dvportgroup-44",
                        "attributes": {
                            "datacenter_id": "datacenter-2",
                            "id": "dvportgroup-44",
                            "name": "pg_344",
                            "type": "DistributedVirtualPortgroup"
                        },
                        "meta": {},
                        "tainted": false
                    },
                    "deposed": [],
                    "provider": "provider.vsphere"
                },
                "data.vsphere_resource_pool.pool": {
                    "type": "vsphere_resource_pool",
                    "depends_on": [
                        "data.vsphere_datacenter.dc"
                    ],
                    "primary": {
                        "id": "resgroup-8",
                        "attributes": {
                            "datacenter_id": "datacenter-2",
                            "id": "resgroup-8",
                            "name": "Nehalem/Resources"
                        },
                        "meta": {},
                        "tainted": false
                    },
                    "deposed": [],
                    "provider": "provider.vsphere"
                },
                "data.vsphere_virtual_machine.template": {
                    "type": "vsphere_virtual_machine",
                    "depends_on": [
                        "data.vsphere_datacenter.dc"
                    ],
                    "primary": {
                        "id": "42198763-fde9-18b5-85ee-65bc5e4f0ae0",
                        "attributes": {
                            "alternate_guest_name": "",
                            "datacenter_id": "datacenter-2",
                            "disks.#": "1",
                            "disks.0.eagerly_scrub": "false",
                            "disks.0.size": "16",
                            "disks.0.thin_provisioned": "false",
                            "firmware": "bios",
                            "guest_id": "centos64Guest",
                            "id": "42198763-fde9-18b5-85ee-65bc5e4f0ae0",
                            "name": "CentOSTemplate",
                            "network_interface_types.#": "3",
                            "network_interface_types.0": "vmxnet3",
                            "network_interface_types.1": "vmxnet3",
                            "network_interface_types.2": "vmxnet3",
                            "scsi_bus_sharing": "noSharing",
                            "scsi_controller_scan_count": "1",
                            "scsi_type": "pvscsi"
                        },
                        "meta": {},
                        "tainted": false
                    },
                    "deposed": [],
                    "provider": "provider.vsphere"
                },
                "vsphere_virtual_machine.SDSvm": {
                    "type": "vsphere_virtual_machine",
                    "depends_on": [
                        "data.vsphere_compute_cluster.cluster",
                        "data.vsphere_datastore.datastore",
                        "data.vsphere_network.sio_pg1",
                        "data.vsphere_network.sio_pg2",
                        "data.vsphere_network.vlan344",
                        "data.vsphere_virtual_machine.template"
                    ],
                    "primary": {
                        "id": "42191c96-3e27-5d21-66a2-9a50bfb99fcf",
                        "attributes": {
                            "alternate_guest_name": "",
                            "annotation": "",
                            "boot_delay": "0",
                            "boot_retry_delay": "10000",
                            "boot_retry_enabled": "false",
                            "cdrom.#": "0",
                            "change_version": "2019-01-22T18:22:15.327293Z",
                            "clone.#": "1",
                            "clone.0.customize.#": "1",
                            "clone.0.customize.0.dns_server_list.#": "2",
                            "clone.0.customize.0.dns_server_list.0": "10.237.198.254",
                            "clone.0.customize.0.dns_server_list.1": "10.201.16.29",
                            "clone.0.customize.0.dns_suffix_list.#": "0",
                            "clone.0.customize.0.ipv4_gateway": "10.237.198.1",
                            "clone.0.customize.0.ipv6_gateway": "",
                            "clone.0.customize.0.linux_options.#": "1",
                            "clone.0.customize.0.linux_options.0.domain": "pac.lab",
                            "clone.0.customize.0.linux_options.0.host_name": "terraform-SIOSVM04",
                            "clone.0.customize.0.linux_options.0.hw_clock_utc": "true",
                            "clone.0.customize.0.linux_options.0.time_zone": "",
                            "clone.0.customize.0.network_interface.#": "3",
                            "clone.0.customize.0.network_interface.0.dns_domain": "",
                            "clone.0.customize.0.network_interface.0.dns_server_list.#": "0",
                            "clone.0.customize.0.network_interface.0.ipv4_address": "10.237.198.209",
                            "clone.0.customize.0.network_interface.0.ipv4_netmask": "24",
                            "clone.0.customize.0.network_interface.0.ipv6_address": "",
                            "clone.0.customize.0.network_interface.0.ipv6_netmask": "0",
                            "clone.0.customize.0.network_interface.1.dns_domain": "",
                            "clone.0.customize.0.network_interface.1.dns_server_list.#": "0",
                            "clone.0.customize.0.network_interface.1.ipv4_address": "192.168.10.209",
                            "clone.0.customize.0.network_interface.1.ipv4_netmask": "24",
                            "clone.0.customize.0.network_interface.1.ipv6_address": "",
                            "clone.0.customize.0.network_interface.1.ipv6_netmask": "0",
                            "clone.0.customize.0.network_interface.2.dns_domain": "",
                            "clone.0.customize.0.network_interface.2.dns_server_list.#": "0",
                            "clone.0.customize.0.network_interface.2.ipv4_address": "192.168.11.209",
                            "clone.0.customize.0.network_interface.2.ipv4_netmask": "24",
                            "clone.0.customize.0.network_interface.2.ipv6_address": "",
                            "clone.0.customize.0.network_interface.2.ipv6_netmask": "0",
                            "clone.0.customize.0.timeout": "10",
                            "clone.0.customize.0.windows_options.#": "0",
                            "clone.0.customize.0.windows_sysprep_text": "",
                            "clone.0.linked_clone": "false",
                            "clone.0.template_uuid": "42198763-fde9-18b5-85ee-65bc5e4f0ae0",
                            "clone.0.timeout": "30",
                            "cpu_hot_add_enabled": "false",
                            "cpu_hot_remove_enabled": "false",
                            "cpu_limit": "-1",
                            "cpu_performance_counters_enabled": "false",
                            "cpu_reservation": "0",
                            "cpu_share_count": "2000",
                            "cpu_share_level": "normal",
                            "custom_attributes.%": "0",
                            "datastore_id": "datastore-34",
                            "default_ip_address": "10.237.198.209",
                            "disk.#": "5",
                            "disk.0.attach": "false",
                            "disk.0.datastore_id": "datastore-34",
                            "disk.0.device_address": "scsi:0:0",
                            "disk.0.disk_mode": "persistent",
                            "disk.0.disk_sharing": "sharingNone",
                            "disk.0.eagerly_scrub": "false",
                            "disk.0.io_limit": "-1",
                            "disk.0.io_reservation": "0",
                            "disk.0.io_share_count": "1000",
                            "disk.0.io_share_level": "normal",
                            "disk.0.keep_on_remove": "false",
                            "disk.0.key": "2000",
                            "disk.0.label": "disk0",
                            "disk.0.name": "",
                            "disk.0.path": "terraform-SIOSVM04/terraform-SIOSVM04.vmdk",
                            "disk.0.size": "16",
                            "disk.0.thin_provisioned": "false",
                            "disk.0.unit_number": "0",
                            "disk.0.uuid": "6000C291-f1f7-28a2-06ee-fd638ab646d5",
                            "disk.0.write_through": "false",
                            "disk.1.attach": "true",
                            "disk.1.datastore_id": "datastore-353",
                            "disk.1.device_address": "scsi:0:2",
                            "disk.1.disk_mode": "persistent",
                            "disk.1.disk_sharing": "sharingNone",
                            "disk.1.eagerly_scrub": "false",
                            "disk.1.io_limit": "-1",
                            "disk.1.io_reservation": "0",
                            "disk.1.io_share_count": "1000",
                            "disk.1.io_share_level": "normal",
                            "disk.1.keep_on_remove": "false",
                            "disk.1.key": "2002",
                            "disk.1.label": "disk1",
                            "disk.1.name": "",
                            "disk.1.path": "SDSvm4_Disk1.vmdk",
                            "disk.1.size": "0",
                            "disk.1.thin_provisioned": "true",
                            "disk.1.unit_number": "2",
                            "disk.1.uuid": "6000C296-cc15-8729-6f2b-850f01efcccd",
                            "disk.1.write_through": "false",
                            "disk.2.attach": "true",
                            "disk.2.datastore_id": "datastore-354",
                            "disk.2.device_address": "scsi:0:3",
                            "disk.2.disk_mode": "persistent",
                            "disk.2.disk_sharing": "sharingNone",
                            "disk.2.eagerly_scrub": "false",
                            "disk.2.io_limit": "-1",
                            "disk.2.io_reservation": "0",
                            "disk.2.io_share_count": "1000",
                            "disk.2.io_share_level": "normal",
                            "disk.2.keep_on_remove": "false",
                            "disk.2.key": "2003",
                            "disk.2.label": "disk2",
                            "disk.2.name": "",
                            "disk.2.path": "SDSvm4_Disk2.vmdk",
                            "disk.2.size": "0",
                            "disk.2.thin_provisioned": "true",
                            "disk.2.unit_number": "3",
                            "disk.2.uuid": "6000C297-aec7-85be-2142-18a92ac951a5",
                            "disk.2.write_through": "false",
                            "disk.3.attach": "true",
                            "disk.3.datastore_id": "datastore-355",
                            "disk.3.device_address": "scsi:0:4",
                            "disk.3.disk_mode": "persistent",
                            "disk.3.disk_sharing": "sharingNone",
                            "disk.3.eagerly_scrub": "false",
                            "disk.3.io_limit": "-1",
                            "disk.3.io_reservation": "0",
                            "disk.3.io_share_count": "1000",
                            "disk.3.io_share_level": "normal",
                            "disk.3.keep_on_remove": "false",
                            "disk.3.key": "2004",
                            "disk.3.label": "disk3",
                            "disk.3.name": "",
                            "disk.3.path": "SDSvm4_Disk3.vmdk",
                            "disk.3.size": "0",
                            "disk.3.thin_provisioned": "true",
                            "disk.3.unit_number": "4",
                            "disk.3.uuid": "6000C29d-96a1-d88a-384b-e8ae70d242a8",
                            "disk.3.write_through": "false",
                            "disk.4.attach": "true",
                            "disk.4.datastore_id": "datastore-356",
                            "disk.4.device_address": "scsi:0:5",
                            "disk.4.disk_mode": "persistent",
                            "disk.4.disk_sharing": "sharingNone",
                            "disk.4.eagerly_scrub": "false",
                            "disk.4.io_limit": "-1",
                            "disk.4.io_reservation": "0",
                            "disk.4.io_share_count": "1000",
                            "disk.4.io_share_level": "normal",
                            "disk.4.keep_on_remove": "false",
                            "disk.4.key": "2005",
                            "disk.4.label": "disk4",
                            "disk.4.name": "",
                            "disk.4.path": "SDSvm4_Disk4.vmdk",
                            "disk.4.size": "0",
                            "disk.4.thin_provisioned": "true",
                            "disk.4.unit_number": "5",
                            "disk.4.uuid": "6000C299-3c6f-a682-aade-148c8d04406c",
                            "disk.4.write_through": "false",
                            "efi_secure_boot_enabled": "false",
                            "enable_disk_uuid": "false",
                            "enable_logging": "false",
                            "ept_rvi_mode": "automatic",
                            "extra_config.%": "0",
                            "firmware": "bios",
                            "folder": "",
                            "force_power_off": "true",
                            "guest_id": "centos64Guest",
                            "guest_ip_addresses.#": "6",
                            "guest_ip_addresses.0": "10.237.198.209",
                            "guest_ip_addresses.1": "192.168.10.209",
                            "guest_ip_addresses.2": "192.168.11.209",
                            "guest_ip_addresses.3": "fe80::250:56ff:fe99:e87b",
                            "guest_ip_addresses.4": "fe80::250:56ff:fe99:9eed",
                            "guest_ip_addresses.5": "fe80::250:56ff:fe99:d73c",
                            "host_system_id": "host-33",
                            "hv_mode": "hvAuto",
                            "id": "42191c96-3e27-5d21-66a2-9a50bfb99fcf",
                            "latency_sensitivity": "normal",
                            "memory": "1024",
                            "memory_hot_add_enabled": "false",
                            "memory_limit": "-1",
                            "memory_reservation": "0",
                            "memory_share_count": "10240",
                            "memory_share_level": "normal",
                            "migrate_wait_timeout": "30",
                            "moid": "vm-368",
                            "name": "terraform-SIOSVM04",
                            "nested_hv_enabled": "false",
                            "network_interface.#": "3",
                            "network_interface.0.adapter_type": "vmxnet3",
                            "network_interface.0.bandwidth_limit": "-1",
                            "network_interface.0.bandwidth_reservation": "0",
                            "network_interface.0.bandwidth_share_count": "50",
                            "network_interface.0.bandwidth_share_level": "normal",
                            "network_interface.0.device_address": "pci:0:7",
                            "network_interface.0.key": "4000",
                            "network_interface.0.mac_address": "00:50:56:99:e8:7b",
                            "network_interface.0.network_id": "dvportgroup-44",
                            "network_interface.0.use_static_mac": "false",
                            "network_interface.1.adapter_type": "vmxnet3",
                            "network_interface.1.bandwidth_limit": "-1",
                            "network_interface.1.bandwidth_reservation": "0",
                            "network_interface.1.bandwidth_share_count": "50",
                            "network_interface.1.bandwidth_share_level": "normal",
                            "network_interface.1.device_address": "pci:0:8",
                            "network_interface.1.key": "4001",
                            "network_interface.1.mac_address": "00:50:56:99:9e:ed",
                            "network_interface.1.network_id": "dvportgroup-39",
                            "network_interface.1.use_static_mac": "false",
                            "network_interface.2.adapter_type": "vmxnet3",
                            "network_interface.2.bandwidth_limit": "-1",
                            "network_interface.2.bandwidth_reservation": "0",
                            "network_interface.2.bandwidth_share_count": "50",
                            "network_interface.2.bandwidth_share_level": "normal",
                            "network_interface.2.device_address": "pci:0:9",
                            "network_interface.2.key": "4002",
                            "network_interface.2.mac_address": "00:50:56:99:d7:3c",
                            "network_interface.2.network_id": "dvportgroup-40",
                            "network_interface.2.use_static_mac": "false",
                            "num_cores_per_socket": "1",
                            "num_cpus": "2",
                            "reboot_required": "false",
                            "resource_pool_id": "resgroup-8",
                            "run_tools_scripts_after_power_on": "true",
                            "run_tools_scripts_after_resume": "true",
                            "run_tools_scripts_before_guest_reboot": "false",
                            "run_tools_scripts_before_guest_shutdown": "true",
                            "run_tools_scripts_before_guest_standby": "true",
                            "scsi_bus_sharing": "noSharing",
                            "scsi_controller_count": "1",
                            "scsi_type": "pvscsi",
                            "shutdown_wait_timeout": "3",
                            "swap_placement_policy": "inherit",
                            "sync_time_with_host": "false",
                            "tags.#": "0",
                            "uuid": "42191c96-3e27-5d21-66a2-9a50bfb99fcf",
                            "vapp_transport.#": "0",
                            "vmware_tools_status": "guestToolsRunning",
                            "vmx_path": "terraform-SIOSVM04/terraform-SIOSVM04.vmx",
                            "wait_for_guest_net_routable": "true",
                            "wait_for_guest_net_timeout": "5"
                        },
                        "meta": {
                            "schema_version": "3"
                        },
                        "tainted": false
                    },
                    "deposed": [],
                    "provider": "provider.vsphere"
                }
            },
            "depends_on": []
        },
        {
            "path": [
                "root",
                "SDSvm4_Disk1"
            ],
            "outputs": {
                "disk1_datastore_id": {
                    "sensitive": false,
                    "type": "string",
                    "value": "datastore-353"
                }
            },
            "resources": {
                "data.vsphere_datacenter.dc": {
                    "type": "vsphere_datacenter",
                    "depends_on": [],
                    "primary": {
                        "id": "datacenter-2",
                        "attributes": {
                            "id": "datacenter-2",
                            "name": "PacLabs"
                        },
                        "meta": {},
                        "tainted": false
                    },
                    "deposed": [],
                    "provider": "provider.vsphere"
                },
                "data.vsphere_datastore.datastore": {
                    "type": "vsphere_datastore",
                    "depends_on": [
                        "data.vsphere_datacenter.dc"
                    ],
                    "primary": {
                        "id": "datastore-353",
                        "attributes": {
                            "datacenter_id": "datacenter-2",
                            "id": "datastore-353",
                            "name": "PacLabs004-SIO-1"
                        },
                        "meta": {},
                        "tainted": false
                    },
                    "deposed": [],
                    "provider": "provider.vsphere"
                },
                "vsphere_virtual_disk.myDisk": {
                    "type": "vsphere_virtual_disk",
                    "depends_on": [],
                    "primary": {
                        "id": "SDSvm4_Disk1.vmdk",
                        "attributes": {
                            "adapter_type": "lsiLogic",
                            "datacenter": "PacLabs",
                            "datastore": "PacLabs004-SIO-1",
                            "id": "SDSvm4_Disk1.vmdk",
                            "size": "900",
                            "type": "lazy",
                            "vmdk_path": "SDSvm4_Disk1.vmdk"
                        },
                        "meta": {},
                        "tainted": false
                    },
                    "deposed": [],
                    "provider": "provider.vsphere"
                }
            },
            "depends_on": []
        },
        {
            "path": [
                "root",
                "SDSvm4_Disk2"
            ],
            "outputs": {
                "disk1_datastore_id": {
                    "sensitive": false,
                    "type": "string",
                    "value": "datastore-354"
                }
            },
            "resources": {
                "data.vsphere_datacenter.dc": {
                    "type": "vsphere_datacenter",
                    "depends_on": [],
                    "primary": {
                        "id": "datacenter-2",
                        "attributes": {
                            "id": "datacenter-2",
                            "name": "PacLabs"
                        },
                        "meta": {},
                        "tainted": false
                    },
                    "deposed": [],
                    "provider": "provider.vsphere"
                },
                "data.vsphere_datastore.datastore": {
                    "type": "vsphere_datastore",
                    "depends_on": [
                        "data.vsphere_datacenter.dc"
                    ],
                    "primary": {
                        "id": "datastore-354",
                        "attributes": {
                            "datacenter_id": "datacenter-2",
                            "id": "datastore-354",
                            "name": "PacLabs004-SIO-2"
                        },
                        "meta": {},
                        "tainted": false
                    },
                    "deposed": [],
                    "provider": "provider.vsphere"
                },
                "vsphere_virtual_disk.myDisk": {
                    "type": "vsphere_virtual_disk",
                    "depends_on": [],
                    "primary": {
                        "id": "SDSvm4_Disk2.vmdk",
                        "attributes": {
                            "adapter_type": "lsiLogic",
                            "datacenter": "PacLabs",
                            "datastore": "PacLabs004-SIO-2",
                            "id": "SDSvm4_Disk2.vmdk",
                            "size": "900",
                            "type": "lazy",
                            "vmdk_path": "SDSvm4_Disk2.vmdk"
                        },
                        "meta": {},
                        "tainted": false
                    },
                    "deposed": [],
                    "provider": "provider.vsphere"
                }
            },
            "depends_on": []
        },
        {
            "path": [
                "root",
                "SDSvm4_Disk3"
            ],
            "outputs": {
                "disk1_datastore_id": {
                    "sensitive": false,
                    "type": "string",
                    "value": "datastore-355"
                }
            },
            "resources": {
                "data.vsphere_datacenter.dc": {
                    "type": "vsphere_datacenter",
                    "depends_on": [],
                    "primary": {
                        "id": "datacenter-2",
                        "attributes": {
                            "id": "datacenter-2",
                            "name": "PacLabs"
                        },
                        "meta": {},
                        "tainted": false
                    },
                    "deposed": [],
                    "provider": "provider.vsphere"
                },
                "data.vsphere_datastore.datastore": {
                    "type": "vsphere_datastore",
                    "depends_on": [
                        "data.vsphere_datacenter.dc"
                    ],
                    "primary": {
                        "id": "datastore-355",
                        "attributes": {
                            "datacenter_id": "datacenter-2",
                            "id": "datastore-355",
                            "name": "PacLabs004-SIO-3"
                        },
                        "meta": {},
                        "tainted": false
                    },
                    "deposed": [],
                    "provider": "provider.vsphere"
                },
                "vsphere_virtual_disk.myDisk": {
                    "type": "vsphere_virtual_disk",
                    "depends_on": [],
                    "primary": {
                        "id": "SDSvm4_Disk3.vmdk",
                        "attributes": {
                            "adapter_type": "lsiLogic",
                            "datacenter": "PacLabs",
                            "datastore": "PacLabs004-SIO-3",
                            "id": "SDSvm4_Disk3.vmdk",
                            "size": "900",
                            "type": "lazy",
                            "vmdk_path": "SDSvm4_Disk3.vmdk"
                        },
                        "meta": {},
                        "tainted": false
                    },
                    "deposed": [],
                    "provider": "provider.vsphere"
                }
            },
            "depends_on": []
        },
        {
            "path": [
                "root",
                "SDSvm4_Disk4"
            ],
            "outputs": {
                "disk1_datastore_id": {
                    "sensitive": false,
                    "type": "string",
                    "value": "datastore-356"
                }
            },
            "resources": {
                "data.vsphere_datacenter.dc": {
                    "type": "vsphere_datacenter",
                    "depends_on": [],
                    "primary": {
                        "id": "datacenter-2",
                        "attributes": {
                            "id": "datacenter-2",
                            "name": "PacLabs"
                        },
                        "meta": {},
                        "tainted": false
                    },
                    "deposed": [],
                    "provider": "provider.vsphere"
                },
                "data.vsphere_datastore.datastore": {
                    "type": "vsphere_datastore",
                    "depends_on": [
                        "data.vsphere_datacenter.dc"
                    ],
                    "primary": {
                        "id": "datastore-356",
                        "attributes": {
                            "datacenter_id": "datacenter-2",
                            "id": "datastore-356",
                            "name": "PacLabs004-SIO-4"
                        },
                        "meta": {},
                        "tainted": false
                    },
                    "deposed": [],
                    "provider": "provider.vsphere"
                },
                "vsphere_virtual_disk.myDisk": {
                    "type": "vsphere_virtual_disk",
                    "depends_on": [],
                    "primary": {
                        "id": "SDSvm4_Disk4.vmdk",
                        "attributes": {
                            "adapter_type": "lsiLogic",
                            "datacenter": "PacLabs",
                            "datastore": "PacLabs004-SIO-4",
                            "id": "SDSvm4_Disk4.vmdk",
                            "size": "900",
                            "type": "lazy",
                            "vmdk_path": "SDSvm4_Disk4.vmdk"
                        },
                        "meta": {},
                        "tainted": false
                    },
                    "deposed": [],
                    "provider": "provider.vsphere"
                }
            },
            "depends_on": []
        },
        {
            "path": [
                "root",
                "SDSvm5"
            ],
            "outputs": {},
            "resources": {
                "data.vsphere_compute_cluster.cluster": {
                    "type": "vsphere_compute_cluster",
                    "depends_on": [
                        "data.vsphere_datacenter.dc"
                    ],
                    "primary": {
                        "id": "domain-c7",
                        "attributes": {
                            "datacenter_id": "datacenter-2",
                            "id": "domain-c7",
                            "name": "Nehalem",
                            "resource_pool_id": "resgroup-8"
                        },
                        "meta": {},
                        "tainted": false
                    },
                    "deposed": [],
                    "provider": "provider.vsphere"
                },
                "data.vsphere_datacenter.dc": {
                    "type": "vsphere_datacenter",
                    "depends_on": [],
                    "primary": {
                        "id": "datacenter-2",
                        "attributes": {
                            "id": "datacenter-2",
                            "name": "PacLabs"
                        },
                        "meta": {},
                        "tainted": false
                    },
                    "deposed": [],
                    "provider": "provider.vsphere"
                },
                "data.vsphere_datastore.datastore": {
                    "type": "vsphere_datastore",
                    "depends_on": [
                        "data.vsphere_datacenter.dc"
                    ],
                    "primary": {
                        "id": "datastore-72",
                        "attributes": {
                            "datacenter_id": "datacenter-2",
                            "id": "datastore-72",
                            "name": "PacLabs005_Boot"
                        },
                        "meta": {},
                        "tainted": false
                    },
                    "deposed": [],
                    "provider": "provider.vsphere"
                },
                "data.vsphere_network.sio_pg1": {
                    "type": "vsphere_network",
                    "depends_on": [
                        "data.vsphere_datacenter.dc"
                    ],
                    "primary": {
                        "id": "dvportgroup-39",
                        "attributes": {
                            "datacenter_id": "datacenter-2",
                            "id": "dvportgroup-39",
                            "name": "sio_pg1",
                            "type": "DistributedVirtualPortgroup"
                        },
                        "meta": {},
                        "tainted": false
                    },
                    "deposed": [],
                    "provider": "provider.vsphere"
                },
                "data.vsphere_network.sio_pg2": {
                    "type": "vsphere_network",
                    "depends_on": [
                        "data.vsphere_datacenter.dc"
                    ],
                    "primary": {
                        "id": "dvportgroup-40",
                        "attributes": {
                            "datacenter_id": "datacenter-2",
                            "id": "dvportgroup-40",
                            "name": "sio_pg2",
                            "type": "DistributedVirtualPortgroup"
                        },
                        "meta": {},
                        "tainted": false
                    },
                    "deposed": [],
                    "provider": "provider.vsphere"
                },
                "data.vsphere_network.vlan344": {
                    "type": "vsphere_network",
                    "depends_on": [
                        "data.vsphere_datacenter.dc"
                    ],
                    "primary": {
                        "id": "dvportgroup-44",
                        "attributes": {
                            "datacenter_id": "datacenter-2",
                            "id": "dvportgroup-44",
                            "name": "pg_344",
                            "type": "DistributedVirtualPortgroup"
                        },
                        "meta": {},
                        "tainted": false
                    },
                    "deposed": [],
                    "provider": "provider.vsphere"
                },
                "data.vsphere_resource_pool.pool": {
                    "type": "vsphere_resource_pool",
                    "depends_on": [
                        "data.vsphere_datacenter.dc"
                    ],
                    "primary": {
                        "id": "resgroup-8",
                        "attributes": {
                            "datacenter_id": "datacenter-2",
                            "id": "resgroup-8",
                            "name": "Nehalem/Resources"
                        },
                        "meta": {},
                        "tainted": false
                    },
                    "deposed": [],
                    "provider": "provider.vsphere"
                },
                "data.vsphere_virtual_machine.template": {
                    "type": "vsphere_virtual_machine",
                    "depends_on": [
                        "data.vsphere_datacenter.dc"
                    ],
                    "primary": {
                        "id": "42198763-fde9-18b5-85ee-65bc5e4f0ae0",
                        "attributes": {
                            "alternate_guest_name": "",
                            "datacenter_id": "datacenter-2",
                            "disks.#": "1",
                            "disks.0.eagerly_scrub": "false",
                            "disks.0.size": "16",
                            "disks.0.thin_provisioned": "false",
                            "firmware": "bios",
                            "guest_id": "centos64Guest",
                            "id": "42198763-fde9-18b5-85ee-65bc5e4f0ae0",
                            "name": "CentOSTemplate",
                            "network_interface_types.#": "3",
                            "network_interface_types.0": "vmxnet3",
                            "network_interface_types.1": "vmxnet3",
                            "network_interface_types.2": "vmxnet3",
                            "scsi_bus_sharing": "noSharing",
                            "scsi_controller_scan_count": "1",
                            "scsi_type": "pvscsi"
                        },
                        "meta": {},
                        "tainted": false
                    },
                    "deposed": [],
                    "provider": "provider.vsphere"
                },
                "vsphere_virtual_machine.SDSvm": {
                    "type": "vsphere_virtual_machine",
                    "depends_on": [
                        "data.vsphere_compute_cluster.cluster",
                        "data.vsphere_datastore.datastore",
                        "data.vsphere_network.sio_pg1",
                        "data.vsphere_network.sio_pg2",
                        "data.vsphere_network.vlan344",
                        "data.vsphere_virtual_machine.template"
                    ],
                    "primary": {
                        "id": "4219aaf1-cc43-134f-1589-2316cc6bfef6",
                        "attributes": {
                            "alternate_guest_name": "",
                            "annotation": "",
                            "boot_delay": "0",
                            "boot_retry_delay": "10000",
                            "boot_retry_enabled": "false",
                            "cdrom.#": "0",
                            "change_version": "2019-01-22T17:46:18.196822Z",
                            "clone.#": "1",
                            "clone.0.customize.#": "1",
                            "clone.0.customize.0.dns_server_list.#": "2",
                            "clone.0.customize.0.dns_server_list.0": "10.237.198.254",
                            "clone.0.customize.0.dns_server_list.1": "10.201.16.29",
                            "clone.0.customize.0.dns_suffix_list.#": "0",
                            "clone.0.customize.0.ipv4_gateway": "10.237.198.1",
                            "clone.0.customize.0.ipv6_gateway": "",
                            "clone.0.customize.0.linux_options.#": "1",
                            "clone.0.customize.0.linux_options.0.domain": "pac.lab",
                            "clone.0.customize.0.linux_options.0.host_name": "terraform-SIOSVM05",
                            "clone.0.customize.0.linux_options.0.hw_clock_utc": "true",
                            "clone.0.customize.0.linux_options.0.time_zone": "",
                            "clone.0.customize.0.network_interface.#": "3",
                            "clone.0.customize.0.network_interface.0.dns_domain": "",
                            "clone.0.customize.0.network_interface.0.dns_server_list.#": "0",
                            "clone.0.customize.0.network_interface.0.ipv4_address": "10.237.198.210",
                            "clone.0.customize.0.network_interface.0.ipv4_netmask": "24",
                            "clone.0.customize.0.network_interface.0.ipv6_address": "",
                            "clone.0.customize.0.network_interface.0.ipv6_netmask": "0",
                            "clone.0.customize.0.network_interface.1.dns_domain": "",
                            "clone.0.customize.0.network_interface.1.dns_server_list.#": "0",
                            "clone.0.customize.0.network_interface.1.ipv4_address": "192.168.10.210",
                            "clone.0.customize.0.network_interface.1.ipv4_netmask": "24",
                            "clone.0.customize.0.network_interface.1.ipv6_address": "",
                            "clone.0.customize.0.network_interface.1.ipv6_netmask": "0",
                            "clone.0.customize.0.network_interface.2.dns_domain": "",
                            "clone.0.customize.0.network_interface.2.dns_server_list.#": "0",
                            "clone.0.customize.0.network_interface.2.ipv4_address": "192.168.11.210",
                            "clone.0.customize.0.network_interface.2.ipv4_netmask": "24",
                            "clone.0.customize.0.network_interface.2.ipv6_address": "",
                            "clone.0.customize.0.network_interface.2.ipv6_netmask": "0",
                            "clone.0.customize.0.timeout": "10",
                            "clone.0.customize.0.windows_options.#": "0",
                            "clone.0.customize.0.windows_sysprep_text": "",
                            "clone.0.linked_clone": "false",
                            "clone.0.template_uuid": "42198763-fde9-18b5-85ee-65bc5e4f0ae0",
                            "clone.0.timeout": "30",
                            "cpu_hot_add_enabled": "false",
                            "cpu_hot_remove_enabled": "false",
                            "cpu_limit": "-1",
                            "cpu_performance_counters_enabled": "false",
                            "cpu_reservation": "0",
                            "cpu_share_count": "2000",
                            "cpu_share_level": "normal",
                            "custom_attributes.%": "0",
                            "datastore_id": "datastore-72",
                            "default_ip_address": "10.237.198.210",
                            "disk.#": "5",
                            "disk.0.attach": "false",
                            "disk.0.datastore_id": "datastore-72",
                            "disk.0.device_address": "scsi:0:0",
                            "disk.0.disk_mode": "persistent",
                            "disk.0.disk_sharing": "sharingNone",
                            "disk.0.eagerly_scrub": "false",
                            "disk.0.io_limit": "-1",
                            "disk.0.io_reservation": "0",
                            "disk.0.io_share_count": "1000",
                            "disk.0.io_share_level": "normal",
                            "disk.0.keep_on_remove": "false",
                            "disk.0.key": "2000",
                            "disk.0.label": "disk0",
                            "disk.0.name": "",
                            "disk.0.path": "terraform-SIOSVM05/terraform-SIOSVM05.vmdk",
                            "disk.0.size": "16",
                            "disk.0.thin_provisioned": "false",
                            "disk.0.unit_number": "0",
                            "disk.0.uuid": "6000C291-f1f7-28a2-06ee-fd638ab646d5",
                            "disk.0.write_through": "false",
                            "disk.1.attach": "true",
                            "disk.1.datastore_id": "datastore-359",
                            "disk.1.device_address": "scsi:0:2",
                            "disk.1.disk_mode": "persistent",
                            "disk.1.disk_sharing": "sharingNone",
                            "disk.1.eagerly_scrub": "false",
                            "disk.1.io_limit": "-1",
                            "disk.1.io_reservation": "0",
                            "disk.1.io_share_count": "1000",
                            "disk.1.io_share_level": "normal",
                            "disk.1.keep_on_remove": "false",
                            "disk.1.key": "2002",
                            "disk.1.label": "disk1",
                            "disk.1.name": "",
                            "disk.1.path": "SDSvm5_Disk1.vmdk",
                            "disk.1.size": "0",
                            "disk.1.thin_provisioned": "true",
                            "disk.1.unit_number": "2",
                            "disk.1.uuid": "6000C29a-138c-2c91-9353-22447fb7c482",
                            "disk.1.write_through": "false",
                            "disk.2.attach": "true",
                            "disk.2.datastore_id": "datastore-360",
                            "disk.2.device_address": "scsi:0:3",
                            "disk.2.disk_mode": "persistent",
                            "disk.2.disk_sharing": "sharingNone",
                            "disk.2.eagerly_scrub": "false",
                            "disk.2.io_limit": "-1",
                            "disk.2.io_reservation": "0",
                            "disk.2.io_share_count": "1000",
                            "disk.2.io_share_level": "normal",
                            "disk.2.keep_on_remove": "false",
                            "disk.2.key": "2003",
                            "disk.2.label": "disk2",
                            "disk.2.name": "",
                            "disk.2.path": "SDSvm5_Disk2.vmdk",
                            "disk.2.size": "0",
                            "disk.2.thin_provisioned": "true",
                            "disk.2.unit_number": "3",
                            "disk.2.uuid": "6000C29d-9d29-cfa3-ad5d-b0abe364879e",
                            "disk.2.write_through": "false",
                            "disk.3.attach": "true",
                            "disk.3.datastore_id": "datastore-361",
                            "disk.3.device_address": "scsi:0:4",
                            "disk.3.disk_mode": "persistent",
                            "disk.3.disk_sharing": "sharingNone",
                            "disk.3.eagerly_scrub": "false",
                            "disk.3.io_limit": "-1",
                            "disk.3.io_reservation": "0",
                            "disk.3.io_share_count": "1000",
                            "disk.3.io_share_level": "normal",
                            "disk.3.keep_on_remove": "false",
                            "disk.3.key": "2004",
                            "disk.3.label": "disk3",
                            "disk.3.name": "",
                            "disk.3.path": "SDSvm5_Disk3.vmdk",
                            "disk.3.size": "0",
                            "disk.3.thin_provisioned": "true",
                            "disk.3.unit_number": "4",
                            "disk.3.uuid": "6000C29b-c838-9149-a5f7-76db9c84ee90",
                            "disk.3.write_through": "false",
                            "disk.4.attach": "true",
                            "disk.4.datastore_id": "datastore-362",
                            "disk.4.device_address": "scsi:0:5",
                            "disk.4.disk_mode": "persistent",
                            "disk.4.disk_sharing": "sharingNone",
                            "disk.4.eagerly_scrub": "false",
                            "disk.4.io_limit": "-1",
                            "disk.4.io_reservation": "0",
                            "disk.4.io_share_count": "1000",
                            "disk.4.io_share_level": "normal",
                            "disk.4.keep_on_remove": "false",
                            "disk.4.key": "2005",
                            "disk.4.label": "disk4",
                            "disk.4.name": "",
                            "disk.4.path": "SDSvm5_Disk4.vmdk",
                            "disk.4.size": "0",
                            "disk.4.thin_provisioned": "true",
                            "disk.4.unit_number": "5",
                            "disk.4.uuid": "6000C298-a0d8-c4ca-2980-7c7c47e275b1",
                            "disk.4.write_through": "false",
                            "efi_secure_boot_enabled": "false",
                            "enable_disk_uuid": "false",
                            "enable_logging": "false",
                            "ept_rvi_mode": "automatic",
                            "extra_config.%": "0",
                            "firmware": "bios",
                            "folder": "",
                            "force_power_off": "true",
                            "guest_id": "centos64Guest",
                            "guest_ip_addresses.#": "6",
                            "guest_ip_addresses.0": "10.237.198.210",
                            "guest_ip_addresses.1": "192.168.10.210",
                            "guest_ip_addresses.2": "192.168.11.210",
                            "guest_ip_addresses.3": "fe80::250:56ff:fe99:7200",
                            "guest_ip_addresses.4": "fe80::250:56ff:fe99:6de4",
                            "guest_ip_addresses.5": "fe80::250:56ff:fe99:86a9",
                            "host_system_id": "host-71",
                            "hv_mode": "hvAuto",
                            "id": "4219aaf1-cc43-134f-1589-2316cc6bfef6",
                            "latency_sensitivity": "normal",
                            "memory": "1024",
                            "memory_hot_add_enabled": "false",
                            "memory_limit": "-1",
                            "memory_reservation": "0",
                            "memory_share_count": "10240",
                            "memory_share_level": "normal",
                            "migrate_wait_timeout": "30",
                            "moid": "vm-370",
                            "name": "terraform-SIOSVM05",
                            "nested_hv_enabled": "false",
                            "network_interface.#": "3",
                            "network_interface.0.adapter_type": "vmxnet3",
                            "network_interface.0.bandwidth_limit": "-1",
                            "network_interface.0.bandwidth_reservation": "0",
                            "network_interface.0.bandwidth_share_count": "50",
                            "network_interface.0.bandwidth_share_level": "normal",
                            "network_interface.0.device_address": "pci:0:7",
                            "network_interface.0.key": "4000",
                            "network_interface.0.mac_address": "00:50:56:99:72:00",
                            "network_interface.0.network_id": "dvportgroup-44",
                            "network_interface.0.use_static_mac": "false",
                            "network_interface.1.adapter_type": "vmxnet3",
                            "network_interface.1.bandwidth_limit": "-1",
                            "network_interface.1.bandwidth_reservation": "0",
                            "network_interface.1.bandwidth_share_count": "50",
                            "network_interface.1.bandwidth_share_level": "normal",
                            "network_interface.1.device_address": "pci:0:8",
                            "network_interface.1.key": "4001",
                            "network_interface.1.mac_address": "00:50:56:99:6d:e4",
                            "network_interface.1.network_id": "dvportgroup-39",
                            "network_interface.1.use_static_mac": "false",
                            "network_interface.2.adapter_type": "vmxnet3",
                            "network_interface.2.bandwidth_limit": "-1",
                            "network_interface.2.bandwidth_reservation": "0",
                            "network_interface.2.bandwidth_share_count": "50",
                            "network_interface.2.bandwidth_share_level": "normal",
                            "network_interface.2.device_address": "pci:0:9",
                            "network_interface.2.key": "4002",
                            "network_interface.2.mac_address": "00:50:56:99:86:a9",
                            "network_interface.2.network_id": "dvportgroup-40",
                            "network_interface.2.use_static_mac": "false",
                            "num_cores_per_socket": "1",
                            "num_cpus": "2",
                            "reboot_required": "false",
                            "resource_pool_id": "resgroup-8",
                            "run_tools_scripts_after_power_on": "true",
                            "run_tools_scripts_after_resume": "true",
                            "run_tools_scripts_before_guest_reboot": "false",
                            "run_tools_scripts_before_guest_shutdown": "true",
                            "run_tools_scripts_before_guest_standby": "true",
                            "scsi_bus_sharing": "noSharing",
                            "scsi_controller_count": "1",
                            "scsi_type": "pvscsi",
                            "shutdown_wait_timeout": "3",
                            "swap_placement_policy": "inherit",
                            "sync_time_with_host": "false",
                            "tags.#": "0",
                            "uuid": "4219aaf1-cc43-134f-1589-2316cc6bfef6",
                            "vapp_transport.#": "0",
                            "vmware_tools_status": "guestToolsRunning",
                            "vmx_path": "terraform-SIOSVM05/terraform-SIOSVM05.vmx",
                            "wait_for_guest_net_routable": "true",
                            "wait_for_guest_net_timeout": "5"
                        },
                        "meta": {
                            "schema_version": "3"
                        },
                        "tainted": false
                    },
                    "deposed": [],
                    "provider": "provider.vsphere"
                }
            },
            "depends_on": []
        },
        {
            "path": [
                "root",
                "SDSvm5_Disk1"
            ],
            "outputs": {
                "disk1_datastore_id": {
                    "sensitive": false,
                    "type": "string",
                    "value": "datastore-359"
                }
            },
            "resources": {
                "data.vsphere_datacenter.dc": {
                    "type": "vsphere_datacenter",
                    "depends_on": [],
                    "primary": {
                        "id": "datacenter-2",
                        "attributes": {
                            "id": "datacenter-2",
                            "name": "PacLabs"
                        },
                        "meta": {},
                        "tainted": false
                    },
                    "deposed": [],
                    "provider": "provider.vsphere"
                },
                "data.vsphere_datastore.datastore": {
                    "type": "vsphere_datastore",
                    "depends_on": [
                        "data.vsphere_datacenter.dc"
                    ],
                    "primary": {
                        "id": "datastore-359",
                        "attributes": {
                            "datacenter_id": "datacenter-2",
                            "id": "datastore-359",
                            "name": "PacLabs005-SIO-1"
                        },
                        "meta": {},
                        "tainted": false
                    },
                    "deposed": [],
                    "provider": "provider.vsphere"
                },
                "vsphere_virtual_disk.myDisk": {
                    "type": "vsphere_virtual_disk",
                    "depends_on": [],
                    "primary": {
                        "id": "SDSvm5_Disk1.vmdk",
                        "attributes": {
                            "adapter_type": "lsiLogic",
                            "datacenter": "PacLabs",
                            "datastore": "PacLabs005-SIO-1",
                            "id": "SDSvm5_Disk1.vmdk",
                            "size": "900",
                            "type": "lazy",
                            "vmdk_path": "SDSvm5_Disk1.vmdk"
                        },
                        "meta": {},
                        "tainted": false
                    },
                    "deposed": [],
                    "provider": "provider.vsphere"
                }
            },
            "depends_on": []
        },
        {
            "path": [
                "root",
                "SDSvm5_Disk2"
            ],
            "outputs": {
                "disk1_datastore_id": {
                    "sensitive": false,
                    "type": "string",
                    "value": "datastore-360"
                }
            },
            "resources": {
                "data.vsphere_datacenter.dc": {
                    "type": "vsphere_datacenter",
                    "depends_on": [],
                    "primary": {
                        "id": "datacenter-2",
                        "attributes": {
                            "id": "datacenter-2",
                            "name": "PacLabs"
                        },
                        "meta": {},
                        "tainted": false
                    },
                    "deposed": [],
                    "provider": "provider.vsphere"
                },
                "data.vsphere_datastore.datastore": {
                    "type": "vsphere_datastore",
                    "depends_on": [
                        "data.vsphere_datacenter.dc"
                    ],
                    "primary": {
                        "id": "datastore-360",
                        "attributes": {
                            "datacenter_id": "datacenter-2",
                            "id": "datastore-360",
                            "name": "PacLabs005-SIO-2"
                        },
                        "meta": {},
                        "tainted": false
                    },
                    "deposed": [],
                    "provider": "provider.vsphere"
                },
                "vsphere_virtual_disk.myDisk": {
                    "type": "vsphere_virtual_disk",
                    "depends_on": [],
                    "primary": {
                        "id": "SDSvm5_Disk2.vmdk",
                        "attributes": {
                            "adapter_type": "lsiLogic",
                            "datacenter": "PacLabs",
                            "datastore": "PacLabs005-SIO-2",
                            "id": "SDSvm5_Disk2.vmdk",
                            "size": "900",
                            "type": "lazy",
                            "vmdk_path": "SDSvm5_Disk2.vmdk"
                        },
                        "meta": {},
                        "tainted": false
                    },
                    "deposed": [],
                    "provider": "provider.vsphere"
                }
            },
            "depends_on": []
        },
        {
            "path": [
                "root",
                "SDSvm5_Disk3"
            ],
            "outputs": {
                "disk1_datastore_id": {
                    "sensitive": false,
                    "type": "string",
                    "value": "datastore-361"
                }
            },
            "resources": {
                "data.vsphere_datacenter.dc": {
                    "type": "vsphere_datacenter",
                    "depends_on": [],
                    "primary": {
                        "id": "datacenter-2",
                        "attributes": {
                            "id": "datacenter-2",
                            "name": "PacLabs"
                        },
                        "meta": {},
                        "tainted": false
                    },
                    "deposed": [],
                    "provider": "provider.vsphere"
                },
                "data.vsphere_datastore.datastore": {
                    "type": "vsphere_datastore",
                    "depends_on": [
                        "data.vsphere_datacenter.dc"
                    ],
                    "primary": {
                        "id": "datastore-361",
                        "attributes": {
                            "datacenter_id": "datacenter-2",
                            "id": "datastore-361",
                            "name": "PacLabs005-SIO-3"
                        },
                        "meta": {},
                        "tainted": false
                    },
                    "deposed": [],
                    "provider": "provider.vsphere"
                },
                "vsphere_virtual_disk.myDisk": {
                    "type": "vsphere_virtual_disk",
                    "depends_on": [],
                    "primary": {
                        "id": "SDSvm5_Disk3.vmdk",
                        "attributes": {
                            "adapter_type": "lsiLogic",
                            "datacenter": "PacLabs",
                            "datastore": "PacLabs005-SIO-3",
                            "id": "SDSvm5_Disk3.vmdk",
                            "size": "900",
                            "type": "lazy",
                            "vmdk_path": "SDSvm5_Disk3.vmdk"
                        },
                        "meta": {},
                        "tainted": false
                    },
                    "deposed": [],
                    "provider": "provider.vsphere"
                }
            },
            "depends_on": []
        },
        {
            "path": [
                "root",
                "SDSvm5_Disk4"
            ],
            "outputs": {
                "disk1_datastore_id": {
                    "sensitive": false,
                    "type": "string",
                    "value": "datastore-362"
                }
            },
            "resources": {
                "data.vsphere_datacenter.dc": {
                    "type": "vsphere_datacenter",
                    "depends_on": [],
                    "primary": {
                        "id": "datacenter-2",
                        "attributes": {
                            "id": "datacenter-2",
                            "name": "PacLabs"
                        },
                        "meta": {},
                        "tainted": false
                    },
                    "deposed": [],
                    "provider": "provider.vsphere"
                },
                "data.vsphere_datastore.datastore": {
                    "type": "vsphere_datastore",
                    "depends_on": [
                        "data.vsphere_datacenter.dc"
                    ],
                    "primary": {
                        "id": "datastore-362",
                        "attributes": {
                            "datacenter_id": "datacenter-2",
                            "id": "datastore-362",
                            "name": "PacLabs005-SIO-4"
                        },
                        "meta": {},
                        "tainted": false
                    },
                    "deposed": [],
                    "provider": "provider.vsphere"
                },
                "vsphere_virtual_disk.myDisk": {
                    "type": "vsphere_virtual_disk",
                    "depends_on": [],
                    "primary": {
                        "id": "SDSvm5_Disk4.vmdk",
                        "attributes": {
                            "adapter_type": "lsiLogic",
                            "datacenter": "PacLabs",
                            "datastore": "PacLabs005-SIO-4",
                            "id": "SDSvm5_Disk4.vmdk",
                            "size": "900",
                            "type": "lazy",
                            "vmdk_path": "SDSvm5_Disk4.vmdk"
                        },
                        "meta": {},
                        "tainted": false
                    },
                    "deposed": [],
                    "provider": "provider.vsphere"
                }
            },
            "depends_on": []
        },
        {
            "path": [
                "root",
                "SDSvm6"
            ],
            "outputs": {},
            "resources": {
                "data.vsphere_compute_cluster.cluster": {
                    "type": "vsphere_compute_cluster",
                    "depends_on": [
                        "data.vsphere_datacenter.dc"
                    ],
                    "primary": {
                        "id": "domain-c7",
                        "attributes": {
                            "datacenter_id": "datacenter-2",
                            "id": "domain-c7",
                            "name": "Nehalem",
                            "resource_pool_id": "resgroup-8"
                        },
                        "meta": {},
                        "tainted": false
                    },
                    "deposed": [],
                    "provider": "provider.vsphere"
                },
                "data.vsphere_datacenter.dc": {
                    "type": "vsphere_datacenter",
                    "depends_on": [],
                    "primary": {
                        "id": "datacenter-2",
                        "attributes": {
                            "id": "datacenter-2",
                            "name": "PacLabs"
                        },
                        "meta": {},
                        "tainted": false
                    },
                    "deposed": [],
                    "provider": "provider.vsphere"
                },
                "data.vsphere_datastore.datastore": {
                    "type": "vsphere_datastore",
                    "depends_on": [
                        "data.vsphere_datacenter.dc"
                    ],
                    "primary": {
                        "id": "datastore-82",
                        "attributes": {
                            "datacenter_id": "datacenter-2",
                            "id": "datastore-82",
                            "name": "PacLabs006_Boot"
                        },
                        "meta": {},
                        "tainted": false
                    },
                    "deposed": [],
                    "provider": "provider.vsphere"
                },
                "data.vsphere_network.sio_pg1": {
                    "type": "vsphere_network",
                    "depends_on": [
                        "data.vsphere_datacenter.dc"
                    ],
                    "primary": {
                        "id": "dvportgroup-39",
                        "attributes": {
                            "datacenter_id": "datacenter-2",
                            "id": "dvportgroup-39",
                            "name": "sio_pg1",
                            "type": "DistributedVirtualPortgroup"
                        },
                        "meta": {},
                        "tainted": false
                    },
                    "deposed": [],
                    "provider": "provider.vsphere"
                },
                "data.vsphere_network.sio_pg2": {
                    "type": "vsphere_network",
                    "depends_on": [
                        "data.vsphere_datacenter.dc"
                    ],
                    "primary": {
                        "id": "dvportgroup-40",
                        "attributes": {
                            "datacenter_id": "datacenter-2",
                            "id": "dvportgroup-40",
                            "name": "sio_pg2",
                            "type": "DistributedVirtualPortgroup"
                        },
                        "meta": {},
                        "tainted": false
                    },
                    "deposed": [],
                    "provider": "provider.vsphere"
                },
                "data.vsphere_network.vlan344": {
                    "type": "vsphere_network",
                    "depends_on": [
                        "data.vsphere_datacenter.dc"
                    ],
                    "primary": {
                        "id": "dvportgroup-44",
                        "attributes": {
                            "datacenter_id": "datacenter-2",
                            "id": "dvportgroup-44",
                            "name": "pg_344",
                            "type": "DistributedVirtualPortgroup"
                        },
                        "meta": {},
                        "tainted": false
                    },
                    "deposed": [],
                    "provider": "provider.vsphere"
                },
                "data.vsphere_resource_pool.pool": {
                    "type": "vsphere_resource_pool",
                    "depends_on": [
                        "data.vsphere_datacenter.dc"
                    ],
                    "primary": {
                        "id": "resgroup-8",
                        "attributes": {
                            "datacenter_id": "datacenter-2",
                            "id": "resgroup-8",
                            "name": "Nehalem/Resources"
                        },
                        "meta": {},
                        "tainted": false
                    },
                    "deposed": [],
                    "provider": "provider.vsphere"
                },
                "data.vsphere_virtual_machine.template": {
                    "type": "vsphere_virtual_machine",
                    "depends_on": [
                        "data.vsphere_datacenter.dc"
                    ],
                    "primary": {
                        "id": "42198763-fde9-18b5-85ee-65bc5e4f0ae0",
                        "attributes": {
                            "alternate_guest_name": "",
                            "datacenter_id": "datacenter-2",
                            "disks.#": "1",
                            "disks.0.eagerly_scrub": "false",
                            "disks.0.size": "16",
                            "disks.0.thin_provisioned": "false",
                            "firmware": "bios",
                            "guest_id": "centos64Guest",
                            "id": "42198763-fde9-18b5-85ee-65bc5e4f0ae0",
                            "name": "CentOSTemplate",
                            "network_interface_types.#": "3",
                            "network_interface_types.0": "vmxnet3",
                            "network_interface_types.1": "vmxnet3",
                            "network_interface_types.2": "vmxnet3",
                            "scsi_bus_sharing": "noSharing",
                            "scsi_controller_scan_count": "1",
                            "scsi_type": "pvscsi"
                        },
                        "meta": {},
                        "tainted": false
                    },
                    "deposed": [],
                    "provider": "provider.vsphere"
                },
                "vsphere_virtual_machine.SDSvm": {
                    "type": "vsphere_virtual_machine",
                    "depends_on": [
                        "data.vsphere_compute_cluster.cluster",
                        "data.vsphere_datastore.datastore",
                        "data.vsphere_network.sio_pg1",
                        "data.vsphere_network.sio_pg2",
                        "data.vsphere_network.vlan344",
                        "data.vsphere_virtual_machine.template"
                    ],
                    "primary": {
                        "id": "421903ed-2bf0-b15c-d88b-3eb571c3263a",
                        "attributes": {
                            "alternate_guest_name": "",
                            "annotation": "",
                            "boot_delay": "0",
                            "boot_retry_delay": "10000",
                            "boot_retry_enabled": "false",
                            "cdrom.#": "0",
                            "change_version": "2019-01-23T17:25:31.210827Z",
                            "clone.#": "1",
                            "clone.0.customize.#": "1",
                            "clone.0.customize.0.dns_server_list.#": "2",
                            "clone.0.customize.0.dns_server_list.0": "10.237.198.254",
                            "clone.0.customize.0.dns_server_list.1": "10.201.16.29",
                            "clone.0.customize.0.dns_suffix_list.#": "0",
                            "clone.0.customize.0.ipv4_gateway": "10.237.198.1",
                            "clone.0.customize.0.ipv6_gateway": "",
                            "clone.0.customize.0.linux_options.#": "1",
                            "clone.0.customize.0.linux_options.0.domain": "pac.lab",
                            "clone.0.customize.0.linux_options.0.host_name": "terraform-SIOSVM06",
                            "clone.0.customize.0.linux_options.0.hw_clock_utc": "true",
                            "clone.0.customize.0.linux_options.0.time_zone": "",
                            "clone.0.customize.0.network_interface.#": "3",
                            "clone.0.customize.0.network_interface.0.dns_domain": "",
                            "clone.0.customize.0.network_interface.0.dns_server_list.#": "0",
                            "clone.0.customize.0.network_interface.0.ipv4_address": "10.237.198.211",
                            "clone.0.customize.0.network_interface.0.ipv4_netmask": "24",
                            "clone.0.customize.0.network_interface.0.ipv6_address": "",
                            "clone.0.customize.0.network_interface.0.ipv6_netmask": "0",
                            "clone.0.customize.0.network_interface.1.dns_domain": "",
                            "clone.0.customize.0.network_interface.1.dns_server_list.#": "0",
                            "clone.0.customize.0.network_interface.1.ipv4_address": "192.168.10.211",
                            "clone.0.customize.0.network_interface.1.ipv4_netmask": "24",
                            "clone.0.customize.0.network_interface.1.ipv6_address": "",
                            "clone.0.customize.0.network_interface.1.ipv6_netmask": "0",
                            "clone.0.customize.0.network_interface.2.dns_domain": "",
                            "clone.0.customize.0.network_interface.2.dns_server_list.#": "0",
                            "clone.0.customize.0.network_interface.2.ipv4_address": "192.168.11.211",
                            "clone.0.customize.0.network_interface.2.ipv4_netmask": "24",
                            "clone.0.customize.0.network_interface.2.ipv6_address": "",
                            "clone.0.customize.0.network_interface.2.ipv6_netmask": "0",
                            "clone.0.customize.0.timeout": "10",
                            "clone.0.customize.0.windows_options.#": "0",
                            "clone.0.customize.0.windows_sysprep_text": "",
                            "clone.0.linked_clone": "false",
                            "clone.0.template_uuid": "42198763-fde9-18b5-85ee-65bc5e4f0ae0",
                            "clone.0.timeout": "30",
                            "cpu_hot_add_enabled": "false",
                            "cpu_hot_remove_enabled": "false",
                            "cpu_limit": "-1",
                            "cpu_performance_counters_enabled": "false",
                            "cpu_reservation": "0",
                            "cpu_share_count": "2000",
                            "cpu_share_level": "normal",
                            "custom_attributes.%": "0",
                            "datastore_id": "datastore-82",
                            "default_ip_address": "10.237.198.211",
                            "disk.#": "5",
                            "disk.0.attach": "false",
                            "disk.0.datastore_id": "datastore-82",
                            "disk.0.device_address": "scsi:0:0",
                            "disk.0.disk_mode": "persistent",
                            "disk.0.disk_sharing": "sharingNone",
                            "disk.0.eagerly_scrub": "false",
                            "disk.0.io_limit": "-1",
                            "disk.0.io_reservation": "0",
                            "disk.0.io_share_count": "1000",
                            "disk.0.io_share_level": "normal",
                            "disk.0.keep_on_remove": "false",
                            "disk.0.key": "2000",
                            "disk.0.label": "disk0",
                            "disk.0.name": "",
                            "disk.0.path": "terraform-SIOSVM06/terraform-SIOSVM06.vmdk",
                            "disk.0.size": "16",
                            "disk.0.thin_provisioned": "false",
                            "disk.0.unit_number": "0",
                            "disk.0.uuid": "6000C291-f1f7-28a2-06ee-fd638ab646d5",
                            "disk.0.write_through": "false",
                            "disk.1.attach": "true",
                            "disk.1.datastore_id": "datastore-363",
                            "disk.1.device_address": "scsi:0:2",
                            "disk.1.disk_mode": "persistent",
                            "disk.1.disk_sharing": "sharingNone",
                            "disk.1.eagerly_scrub": "false",
                            "disk.1.io_limit": "-1",
                            "disk.1.io_reservation": "0",
                            "disk.1.io_share_count": "1000",
                            "disk.1.io_share_level": "normal",
                            "disk.1.keep_on_remove": "false",
                            "disk.1.key": "2002",
                            "disk.1.label": "disk1",
                            "disk.1.name": "",
                            "disk.1.path": "SDSvm6_Disk1.vmdk",
                            "disk.1.size": "0",
                            "disk.1.thin_provisioned": "true",
                            "disk.1.unit_number": "2",
                            "disk.1.uuid": "6000C298-2c7d-e8a9-bb7f-c431b562f24a",
                            "disk.1.write_through": "false",
                            "disk.2.attach": "true",
                            "disk.2.datastore_id": "datastore-364",
                            "disk.2.device_address": "scsi:0:3",
                            "disk.2.disk_mode": "persistent",
                            "disk.2.disk_sharing": "sharingNone",
                            "disk.2.eagerly_scrub": "false",
                            "disk.2.io_limit": "-1",
                            "disk.2.io_reservation": "0",
                            "disk.2.io_share_count": "1000",
                            "disk.2.io_share_level": "normal",
                            "disk.2.keep_on_remove": "false",
                            "disk.2.key": "2003",
                            "disk.2.label": "disk2",
                            "disk.2.name": "",
                            "disk.2.path": "SDSvm6_Disk2.vmdk",
                            "disk.2.size": "0",
                            "disk.2.thin_provisioned": "true",
                            "disk.2.unit_number": "3",
                            "disk.2.uuid": "6000C295-0e74-7543-7dd9-bd3c2ca3b47b",
                            "disk.2.write_through": "false",
                            "disk.3.attach": "true",
                            "disk.3.datastore_id": "datastore-365",
                            "disk.3.device_address": "scsi:0:4",
                            "disk.3.disk_mode": "persistent",
                            "disk.3.disk_sharing": "sharingNone",
                            "disk.3.eagerly_scrub": "false",
                            "disk.3.io_limit": "-1",
                            "disk.3.io_reservation": "0",
                            "disk.3.io_share_count": "1000",
                            "disk.3.io_share_level": "normal",
                            "disk.3.keep_on_remove": "false",
                            "disk.3.key": "2004",
                            "disk.3.label": "disk3",
                            "disk.3.name": "",
                            "disk.3.path": "SDSvm6_Disk3.vmdk",
                            "disk.3.size": "0",
                            "disk.3.thin_provisioned": "true",
                            "disk.3.unit_number": "4",
                            "disk.3.uuid": "6000C298-e5d0-fa61-a1b5-b8e3df37327a",
                            "disk.3.write_through": "false",
                            "disk.4.attach": "true",
                            "disk.4.datastore_id": "datastore-366",
                            "disk.4.device_address": "scsi:0:5",
                            "disk.4.disk_mode": "persistent",
                            "disk.4.disk_sharing": "sharingNone",
                            "disk.4.eagerly_scrub": "false",
                            "disk.4.io_limit": "-1",
                            "disk.4.io_reservation": "0",
                            "disk.4.io_share_count": "1000",
                            "disk.4.io_share_level": "normal",
                            "disk.4.keep_on_remove": "false",
                            "disk.4.key": "2005",
                            "disk.4.label": "disk4",
                            "disk.4.name": "",
                            "disk.4.path": "SDSvm6_Disk4.vmdk",
                            "disk.4.size": "0",
                            "disk.4.thin_provisioned": "true",
                            "disk.4.unit_number": "5",
                            "disk.4.uuid": "6000C29c-3ba6-b175-4644-848d62701cfc",
                            "disk.4.write_through": "false",
                            "efi_secure_boot_enabled": "false",
                            "enable_disk_uuid": "false",
                            "enable_logging": "false",
                            "ept_rvi_mode": "automatic",
                            "extra_config.%": "0",
                            "firmware": "bios",
                            "folder": "",
                            "force_power_off": "true",
                            "guest_id": "centos64Guest",
                            "guest_ip_addresses.#": "6",
                            "guest_ip_addresses.0": "10.237.198.211",
                            "guest_ip_addresses.1": "192.168.10.211",
                            "guest_ip_addresses.2": "192.168.11.211",
                            "guest_ip_addresses.3": "fe80::250:56ff:fe99:fa93",
                            "guest_ip_addresses.4": "fe80::250:56ff:fe99:ef76",
                            "guest_ip_addresses.5": "fe80::250:56ff:fe99:77a0",
                            "host_system_id": "host-81",
                            "hv_mode": "hvAuto",
                            "id": "421903ed-2bf0-b15c-d88b-3eb571c3263a",
                            "latency_sensitivity": "normal",
                            "memory": "1024",
                            "memory_hot_add_enabled": "false",
                            "memory_limit": "-1",
                            "memory_reservation": "0",
                            "memory_share_count": "10240",
                            "memory_share_level": "normal",
                            "migrate_wait_timeout": "30",
                            "moid": "vm-369",
                            "name": "terraform-SIOSVM06",
                            "nested_hv_enabled": "false",
                            "network_interface.#": "3",
                            "network_interface.0.adapter_type": "vmxnet3",
                            "network_interface.0.bandwidth_limit": "-1",
                            "network_interface.0.bandwidth_reservation": "0",
                            "network_interface.0.bandwidth_share_count": "50",
                            "network_interface.0.bandwidth_share_level": "normal",
                            "network_interface.0.device_address": "pci:0:7",
                            "network_interface.0.key": "4000",
                            "network_interface.0.mac_address": "00:50:56:99:fa:93",
                            "network_interface.0.network_id": "dvportgroup-44",
                            "network_interface.0.use_static_mac": "false",
                            "network_interface.1.adapter_type": "vmxnet3",
                            "network_interface.1.bandwidth_limit": "-1",
                            "network_interface.1.bandwidth_reservation": "0",
                            "network_interface.1.bandwidth_share_count": "50",
                            "network_interface.1.bandwidth_share_level": "normal",
                            "network_interface.1.device_address": "pci:0:8",
                            "network_interface.1.key": "4001",
                            "network_interface.1.mac_address": "00:50:56:99:ef:76",
                            "network_interface.1.network_id": "dvportgroup-39",
                            "network_interface.1.use_static_mac": "false",
                            "network_interface.2.adapter_type": "vmxnet3",
                            "network_interface.2.bandwidth_limit": "-1",
                            "network_interface.2.bandwidth_reservation": "0",
                            "network_interface.2.bandwidth_share_count": "50",
                            "network_interface.2.bandwidth_share_level": "normal",
                            "network_interface.2.device_address": "pci:0:9",
                            "network_interface.2.key": "4002",
                            "network_interface.2.mac_address": "00:50:56:99:77:a0",
                            "network_interface.2.network_id": "dvportgroup-40",
                            "network_interface.2.use_static_mac": "false",
                            "num_cores_per_socket": "1",
                            "num_cpus": "2",
                            "reboot_required": "false",
                            "resource_pool_id": "resgroup-8",
                            "run_tools_scripts_after_power_on": "true",
                            "run_tools_scripts_after_resume": "true",
                            "run_tools_scripts_before_guest_reboot": "false",
                            "run_tools_scripts_before_guest_shutdown": "true",
                            "run_tools_scripts_before_guest_standby": "true",
                            "scsi_bus_sharing": "noSharing",
                            "scsi_controller_count": "1",
                            "scsi_type": "pvscsi",
                            "shutdown_wait_timeout": "3",
                            "swap_placement_policy": "inherit",
                            "sync_time_with_host": "false",
                            "tags.#": "0",
                            "uuid": "421903ed-2bf0-b15c-d88b-3eb571c3263a",
                            "vapp_transport.#": "0",
                            "vmware_tools_status": "guestToolsRunning",
                            "vmx_path": "terraform-SIOSVM06/terraform-SIOSVM06.vmx",
                            "wait_for_guest_net_routable": "true",
                            "wait_for_guest_net_timeout": "5"
                        },
                        "meta": {
                            "schema_version": "3"
                        },
                        "tainted": false
                    },
                    "deposed": [],
                    "provider": "provider.vsphere"
                }
            },
            "depends_on": []
        },
        {
            "path": [
                "root",
                "SDSvm6_Disk1"
            ],
            "outputs": {},
            "resources": {
                "vsphere_virtual_disk.myDisk": {
                    "type": "vsphere_virtual_disk",
                    "depends_on": [],
                    "primary": {
                        "id": "SDSvm6_Disk1.vmdk",
                        "attributes": {
                            "adapter_type": "lsiLogic",
                            "datacenter": "PacLabs",
                            "datastore": "PacLabs006-SIO-1",
                            "id": "SDSvm6_Disk1.vmdk",
                            "size": "900",
                            "type": "lazy",
                            "vmdk_path": "SDSvm6_Disk1.vmdk"
                        },
                        "meta": {},
                        "tainted": false
                    },
                    "deposed": [],
                    "provider": "provider.vsphere"
                }
            },
            "depends_on": []
        },
        {
            "path": [
                "root",
                "SDSvm6_Disk1_eagerzero"
            ],
            "outputs": {
                "disk1_datastore_id": {
                    "sensitive": false,
                    "type": "string",
                    "value": "datastore-363"
                }
            },
            "resources": {
                "data.vsphere_datacenter.dc": {
                    "type": "vsphere_datacenter",
                    "depends_on": [],
                    "primary": {
                        "id": "datacenter-2",
                        "attributes": {
                            "id": "datacenter-2",
                            "name": "PacLabs"
                        },
                        "meta": {},
                        "tainted": false
                    },
                    "deposed": [],
                    "provider": "provider.vsphere"
                },
                "data.vsphere_datastore.datastore": {
                    "type": "vsphere_datastore",
                    "depends_on": [
                        "data.vsphere_datacenter.dc"
                    ],
                    "primary": {
                        "id": "datastore-363",
                        "attributes": {
                            "datacenter_id": "datacenter-2",
                            "id": "datastore-363",
                            "name": "PacLabs006-SIO-1"
                        },
                        "meta": {},
                        "tainted": false
                    },
                    "deposed": [],
                    "provider": "provider.vsphere"
                }
            },
            "depends_on": []
        },
        {
            "path": [
                "root",
                "SDSvm6_Disk2_eagerzero"
            ],
            "outputs": {
                "disk1_datastore_id": {
                    "sensitive": false,
                    "type": "string",
                    "value": "datastore-364"
                }
            },
            "resources": {
                "data.vsphere_datacenter.dc": {
                    "type": "vsphere_datacenter",
                    "depends_on": [],
                    "primary": {
                        "id": "datacenter-2",
                        "attributes": {
                            "id": "datacenter-2",
                            "name": "PacLabs"
                        },
                        "meta": {},
                        "tainted": false
                    },
                    "deposed": [],
                    "provider": "provider.vsphere"
                },
                "data.vsphere_datastore.datastore": {
                    "type": "vsphere_datastore",
                    "depends_on": [
                        "data.vsphere_datacenter.dc"
                    ],
                    "primary": {
                        "id": "datastore-364",
                        "attributes": {
                            "datacenter_id": "datacenter-2",
                            "id": "datastore-364",
                            "name": "PacLabs006-SIO-2"
                        },
                        "meta": {},
                        "tainted": false
                    },
                    "deposed": [],
                    "provider": "provider.vsphere"
                },
                "vsphere_virtual_disk.myDisk": {
                    "type": "vsphere_virtual_disk",
                    "depends_on": [],
                    "primary": {
                        "id": "SDSvm6_Disk2.vmdk",
                        "attributes": {
                            "adapter_type": "lsiLogic",
                            "datacenter": "PacLabs",
                            "datastore": "PacLabs006-SIO-2",
                            "id": "SDSvm6_Disk2.vmdk",
                            "size": "900",
                            "type": "eagerZeroedThick",
                            "vmdk_path": "SDSvm6_Disk2.vmdk"
                        },
                        "meta": {},
                        "tainted": false
                    },
                    "deposed": [],
                    "provider": "provider.vsphere"
                }
            },
            "depends_on": []
        },
        {
            "path": [
                "root",
                "SDSvm6_Disk3"
            ],
            "outputs": {},
            "resources": {
                "vsphere_virtual_disk.myDisk": {
                    "type": "vsphere_virtual_disk",
                    "depends_on": [],
                    "primary": {
                        "id": "SDSvm6_Disk3.vmdk",
                        "attributes": {
                            "adapter_type": "lsiLogic",
                            "datacenter": "PacLabs",
                            "datastore": "PacLabs006-SIO-3",
                            "id": "SDSvm6_Disk3.vmdk",
                            "size": "900",
                            "type": "lazy",
                            "vmdk_path": "SDSvm6_Disk3.vmdk"
                        },
                        "meta": {},
                        "tainted": false
                    },
                    "deposed": [],
                    "provider": "provider.vsphere"
                }
            },
            "depends_on": []
        },
        {
            "path": [
                "root",
                "SDSvm6_Disk3_eagerzero"
            ],
            "outputs": {
                "disk1_datastore_id": {
                    "sensitive": false,
                    "type": "string",
                    "value": "datastore-365"
                }
            },
            "resources": {
                "data.vsphere_datacenter.dc": {
                    "type": "vsphere_datacenter",
                    "depends_on": [],
                    "primary": {
                        "id": "datacenter-2",
                        "attributes": {
                            "id": "datacenter-2",
                            "name": "PacLabs"
                        },
                        "meta": {},
                        "tainted": false
                    },
                    "deposed": [],
                    "provider": "provider.vsphere"
                },
                "data.vsphere_datastore.datastore": {
                    "type": "vsphere_datastore",
                    "depends_on": [
                        "data.vsphere_datacenter.dc"
                    ],
                    "primary": {
                        "id": "datastore-365",
                        "attributes": {
                            "datacenter_id": "datacenter-2",
                            "id": "datastore-365",
                            "name": "PacLabs006-SIO-3"
                        },
                        "meta": {},
                        "tainted": false
                    },
                    "deposed": [],
                    "provider": "provider.vsphere"
                }
            },
            "depends_on": []
        },
        {
            "path": [
                "root",
                "SDSvm6_Disk4_eagerzero"
            ],
            "outputs": {
                "disk1_datastore_id": {
                    "sensitive": false,
                    "type": "string",
                    "value": "datastore-366"
                }
            },
            "resources": {
                "data.vsphere_datacenter.dc": {
                    "type": "vsphere_datacenter",
                    "depends_on": [],
                    "primary": {
                        "id": "datacenter-2",
                        "attributes": {
                            "id": "datacenter-2",
                            "name": "PacLabs"
                        },
                        "meta": {},
                        "tainted": false
                    },
                    "deposed": [],
                    "provider": "provider.vsphere"
                },
                "data.vsphere_datastore.datastore": {
                    "type": "vsphere_datastore",
                    "depends_on": [
                        "data.vsphere_datacenter.dc"
                    ],
                    "primary": {
                        "id": "datastore-366",
                        "attributes": {
                            "datacenter_id": "datacenter-2",
                            "id": "datastore-366",
                            "name": "PacLabs006-SIO-4"
                        },
                        "meta": {},
                        "tainted": false
                    },
                    "deposed": [],
                    "provider": "provider.vsphere"
                },
                "vsphere_virtual_disk.myDisk": {
                    "type": "vsphere_virtual_disk",
                    "depends_on": [],
                    "primary": {
                        "id": "SDSvm6_Disk4.vmdk",
                        "attributes": {
                            "adapter_type": "lsiLogic",
                            "datacenter": "PacLabs",
                            "datastore": "PacLabs006-SIO-4",
                            "id": "SDSvm6_Disk4.vmdk",
                            "size": "900",
                            "type": "eagerZeroedThick",
                            "vmdk_path": "SDSvm6_Disk4.vmdk"
                        },
                        "meta": {},
                        "tainted": false
                    },
                    "deposed": [],
                    "provider": "provider.vsphere"
                }
            },
            "depends_on": []
        }
    ]
}
